// !$*UTF8*$!
{
	archiveVersion = 1;
	classes = {
	};
	objectVersion = 46;
	objects = {

/* Begin PBXBuildFile section */
		34E0F6A9199A9C5D005A1FD0 /* Foundation.framework in Frameworks */ = {isa = PBXBuildFile; fileRef = 34E0F6A8199A9C5D005A1FD0 /* Foundation.framework */; };
		34E0F6AB199A9C5D005A1FD0 /* CoreGraphics.framework in Frameworks */ = {isa = PBXBuildFile; fileRef = 34E0F6AA199A9C5D005A1FD0 /* CoreGraphics.framework */; };
		34E0F6AD199A9C5D005A1FD0 /* UIKit.framework in Frameworks */ = {isa = PBXBuildFile; fileRef = 34E0F6AC199A9C5D005A1FD0 /* UIKit.framework */; };
		34E0F6B3199A9C5D005A1FD0 /* InfoPlist.strings in Resources */ = {isa = PBXBuildFile; fileRef = 34E0F6B1199A9C5D005A1FD0 /* InfoPlist.strings */; };
		34E0F6B5199A9C5D005A1FD0 /* main.m in Sources */ = {isa = PBXBuildFile; fileRef = 34E0F6B4199A9C5D005A1FD0 /* main.m */; };
		34E0F6B9199A9C5D005A1FD0 /* MELAppDelegate.m in Sources */ = {isa = PBXBuildFile; fileRef = 34E0F6B8199A9C5D005A1FD0 /* MELAppDelegate.m */; };
		34E0F6BB199A9C5D005A1FD0 /* Images.xcassets in Resources */ = {isa = PBXBuildFile; fileRef = 34E0F6BA199A9C5D005A1FD0 /* Images.xcassets */; };
		34E0F6C2199A9C5D005A1FD0 /* XCTest.framework in Frameworks */ = {isa = PBXBuildFile; fileRef = 34E0F6C1199A9C5D005A1FD0 /* XCTest.framework */; };
		34E0F6C3199A9C5D005A1FD0 /* Foundation.framework in Frameworks */ = {isa = PBXBuildFile; fileRef = 34E0F6A8199A9C5D005A1FD0 /* Foundation.framework */; };
		34E0F6C4199A9C5D005A1FD0 /* UIKit.framework in Frameworks */ = {isa = PBXBuildFile; fileRef = 34E0F6AC199A9C5D005A1FD0 /* UIKit.framework */; };
		34E0F6CC199A9C5D005A1FD0 /* InfoPlist.strings in Resources */ = {isa = PBXBuildFile; fileRef = 34E0F6CA199A9C5D005A1FD0 /* InfoPlist.strings */; };
		34E0F6CE199A9C5D005A1FD0 /* Versus_Tests.m in Sources */ = {isa = PBXBuildFile; fileRef = 34E0F6CD199A9C5D005A1FD0 /* Versus_Tests.m */; };
		34E0F6DA199A9C8F005A1FD0 /* MELViewControllerMenu.m in Sources */ = {isa = PBXBuildFile; fileRef = 34E0F6D8199A9C8F005A1FD0 /* MELViewControllerMenu.m */; };
		34E0F6DB199A9C8F005A1FD0 /* MELViewControllerMenu.xib in Resources */ = {isa = PBXBuildFile; fileRef = 34E0F6D9199A9C8F005A1FD0 /* MELViewControllerMenu.xib */; };
		34E0F6E3199A9D8B005A1FD0 /* Logo Menu.png in Resources */ = {isa = PBXBuildFile; fileRef = 34E0F6E2199A9D8B005A1FD0 /* Logo Menu.png */; };
		34E0F6E5199A9E51005A1FD0 /* Botao Perfil.png in Resources */ = {isa = PBXBuildFile; fileRef = 34E0F6E4199A9E51005A1FD0 /* Botao Perfil.png */; };
		34E0F6E7199A9F0A005A1FD0 /* Botao Jogar.png in Resources */ = {isa = PBXBuildFile; fileRef = 34E0F6E6199A9F0A005A1FD0 /* Botao Jogar.png */; };
		34E0F6E9199A9F19005A1FD0 /* Botao Score.png in Resources */ = {isa = PBXBuildFile; fileRef = 34E0F6E8199A9F19005A1FD0 /* Botao Score.png */; };
		34E0F6ED199A9FF1005A1FD0 /* MELViewControllerCategoria.m in Sources */ = {isa = PBXBuildFile; fileRef = 34E0F6EB199A9FF1005A1FD0 /* MELViewControllerCategoria.m */; };
		34E0F6EE199A9FF1005A1FD0 /* MELViewControllerCategoria.xib in Resources */ = {isa = PBXBuildFile; fileRef = 34E0F6EC199A9FF1005A1FD0 /* MELViewControllerCategoria.xib */; };
		34E0F6F0199AA01D005A1FD0 /* menu categoria.png in Resources */ = {isa = PBXBuildFile; fileRef = 34E0F6EF199AA01D005A1FD0 /* menu categoria.png */; };
		34E0F6F2199AA312005A1FD0 /* BG Menu.png in Resources */ = {isa = PBXBuildFile; fileRef = 34E0F6F1199AA312005A1FD0 /* BG Menu.png */; };
		34E0F6F5199AA3E9005A1FD0 /* herois.plist in Resources */ = {isa = PBXBuildFile; fileRef = 34E0F6F3199AA3E9005A1FD0 /* herois.plist */; };
		34E0F6F6199AA3E9005A1FD0 /* viloes.plist in Resources */ = {isa = PBXBuildFile; fileRef = 34E0F6F4199AA3E9005A1FD0 /* viloes.plist */; };
		34E0F6FB199AA4C2005A1FD0 /* MELViewControllerViloes.m in Sources */ = {isa = PBXBuildFile; fileRef = 34E0F6F9199AA4C2005A1FD0 /* MELViewControllerViloes.m */; };
		34E0F6FC199AA4C2005A1FD0 /* MELViewControllerViloes.xib in Resources */ = {isa = PBXBuildFile; fileRef = 34E0F6FA199AA4C2005A1FD0 /* MELViewControllerViloes.xib */; };
		34E0F700199AA4E3005A1FD0 /* MELViewControllerHerois.m in Sources */ = {isa = PBXBuildFile; fileRef = 34E0F6FE199AA4E3005A1FD0 /* MELViewControllerHerois.m */; };
		34E0F701199AA4E3005A1FD0 /* MELViewControllerHerois.xib in Resources */ = {isa = PBXBuildFile; fileRef = 34E0F6FF199AA4E3005A1FD0 /* MELViewControllerHerois.xib */; };
		34E0F706199AA547005A1FD0 /* BG Heroi.png in Resources */ = {isa = PBXBuildFile; fileRef = 34E0F702199AA547005A1FD0 /* BG Heroi.png */; };
		34E0F707199AA547005A1FD0 /* BG Vilao.png in Resources */ = {isa = PBXBuildFile; fileRef = 34E0F703199AA547005A1FD0 /* BG Vilao.png */; };
		34E0F708199AA547005A1FD0 /* Botao Heroi.png in Resources */ = {isa = PBXBuildFile; fileRef = 34E0F704199AA547005A1FD0 /* Botao Heroi.png */; };
		34E0F709199AA547005A1FD0 /* Botao Vilao.png in Resources */ = {isa = PBXBuildFile; fileRef = 34E0F705199AA547005A1FD0 /* Botao Vilao.png */; };
		34E0F70C199AA58B005A1FD0 /* Fundo Pergunta Heroi.png in Resources */ = {isa = PBXBuildFile; fileRef = 34E0F70A199AA58B005A1FD0 /* Fundo Pergunta Heroi.png */; };
		34E0F70D199AA58B005A1FD0 /* Fundo Pergunta Vilao.png in Resources */ = {isa = PBXBuildFile; fileRef = 34E0F70B199AA58B005A1FD0 /* Fundo Pergunta Vilao.png */; };
		34FDFEC1199BD9E800627E26 /* AVFoundation.framework in Frameworks */ = {isa = PBXBuildFile; fileRef = 34FDFEC0199BD9E800627E26 /* AVFoundation.framework */; };
		6D6E5488199BFF4C00C7C00D /* perfil.plist in Resources */ = {isa = PBXBuildFile; fileRef = 6D6E5487199BFF4C00C7C00D /* perfil.plist */; };
/* End PBXBuildFile section */

/* Begin PBXContainerItemProxy section */
		34E0F6C5199A9C5D005A1FD0 /* PBXContainerItemProxy */ = {
			isa = PBXContainerItemProxy;
			containerPortal = 34E0F69D199A9C5D005A1FD0 /* Project object */;
			proxyType = 1;
			remoteGlobalIDString = 34E0F6A4199A9C5D005A1FD0;
			remoteInfo = "Versus?";
		};
/* End PBXContainerItemProxy section */

/* Begin PBXFileReference section */
		34E0F6A5199A9C5D005A1FD0 /* Versus?.app */ = {isa = PBXFileReference; explicitFileType = wrapper.application; includeInIndex = 0; path = "Versus?.app"; sourceTree = BUILT_PRODUCTS_DIR; };
		34E0F6A8199A9C5D005A1FD0 /* Foundation.framework */ = {isa = PBXFileReference; lastKnownFileType = wrapper.framework; name = Foundation.framework; path = System/Library/Frameworks/Foundation.framework; sourceTree = SDKROOT; };
		34E0F6AA199A9C5D005A1FD0 /* CoreGraphics.framework */ = {isa = PBXFileReference; lastKnownFileType = wrapper.framework; name = CoreGraphics.framework; path = System/Library/Frameworks/CoreGraphics.framework; sourceTree = SDKROOT; };
		34E0F6AC199A9C5D005A1FD0 /* UIKit.framework */ = {isa = PBXFileReference; lastKnownFileType = wrapper.framework; name = UIKit.framework; path = System/Library/Frameworks/UIKit.framework; sourceTree = SDKROOT; };
		34E0F6B0199A9C5D005A1FD0 /* Versus?-Info.plist */ = {isa = PBXFileReference; lastKnownFileType = text.plist.xml; path = "Versus?-Info.plist"; sourceTree = "<group>"; };
		34E0F6B2199A9C5D005A1FD0 /* en */ = {isa = PBXFileReference; lastKnownFileType = text.plist.strings; name = en; path = en.lproj/InfoPlist.strings; sourceTree = "<group>"; };
		34E0F6B4199A9C5D005A1FD0 /* main.m */ = {isa = PBXFileReference; lastKnownFileType = sourcecode.c.objc; path = main.m; sourceTree = "<group>"; };
		34E0F6B6199A9C5D005A1FD0 /* Versus?-Prefix.pch */ = {isa = PBXFileReference; lastKnownFileType = sourcecode.c.h; path = "Versus?-Prefix.pch"; sourceTree = "<group>"; };
		34E0F6B7199A9C5D005A1FD0 /* MELAppDelegate.h */ = {isa = PBXFileReference; lastKnownFileType = sourcecode.c.h; path = MELAppDelegate.h; sourceTree = "<group>"; };
		34E0F6B8199A9C5D005A1FD0 /* MELAppDelegate.m */ = {isa = PBXFileReference; lastKnownFileType = sourcecode.c.objc; path = MELAppDelegate.m; sourceTree = "<group>"; };
		34E0F6BA199A9C5D005A1FD0 /* Images.xcassets */ = {isa = PBXFileReference; lastKnownFileType = folder.assetcatalog; path = Images.xcassets; sourceTree = "<group>"; };
		34E0F6C0199A9C5D005A1FD0 /* Versus?Tests.xctest */ = {isa = PBXFileReference; explicitFileType = wrapper.cfbundle; includeInIndex = 0; path = "Versus?Tests.xctest"; sourceTree = BUILT_PRODUCTS_DIR; };
		34E0F6C1199A9C5D005A1FD0 /* XCTest.framework */ = {isa = PBXFileReference; lastKnownFileType = wrapper.framework; name = XCTest.framework; path = Library/Frameworks/XCTest.framework; sourceTree = DEVELOPER_DIR; };
		34E0F6C9199A9C5D005A1FD0 /* Versus?Tests-Info.plist */ = {isa = PBXFileReference; lastKnownFileType = text.plist.xml; path = "Versus?Tests-Info.plist"; sourceTree = "<group>"; };
		34E0F6CB199A9C5D005A1FD0 /* en */ = {isa = PBXFileReference; lastKnownFileType = text.plist.strings; name = en; path = en.lproj/InfoPlist.strings; sourceTree = "<group>"; };
		34E0F6CD199A9C5D005A1FD0 /* Versus_Tests.m */ = {isa = PBXFileReference; lastKnownFileType = sourcecode.c.objc; path = Versus_Tests.m; sourceTree = "<group>"; };
		34E0F6D7199A9C8F005A1FD0 /* MELViewControllerMenu.h */ = {isa = PBXFileReference; fileEncoding = 4; lastKnownFileType = sourcecode.c.h; path = MELViewControllerMenu.h; sourceTree = "<group>"; };
		34E0F6D8199A9C8F005A1FD0 /* MELViewControllerMenu.m */ = {isa = PBXFileReference; fileEncoding = 4; lastKnownFileType = sourcecode.c.objc; path = MELViewControllerMenu.m; sourceTree = "<group>"; };
		34E0F6D9199A9C8F005A1FD0 /* MELViewControllerMenu.xib */ = {isa = PBXFileReference; fileEncoding = 4; lastKnownFileType = file.xib; path = MELViewControllerMenu.xib; sourceTree = "<group>"; };
		34E0F6E2199A9D8B005A1FD0 /* Logo Menu.png */ = {isa = PBXFileReference; lastKnownFileType = image.png; name = "Logo Menu.png"; path = "Imagens/Logo Menu.png"; sourceTree = "<group>"; };
		34E0F6E4199A9E51005A1FD0 /* Botao Perfil.png */ = {isa = PBXFileReference; lastKnownFileType = image.png; name = "Botao Perfil.png"; path = "Imagens/Botao Perfil.png"; sourceTree = "<group>"; };
		34E0F6E6199A9F0A005A1FD0 /* Botao Jogar.png */ = {isa = PBXFileReference; lastKnownFileType = image.png; name = "Botao Jogar.png"; path = "Imagens/Botao Jogar.png"; sourceTree = "<group>"; };
		34E0F6E8199A9F19005A1FD0 /* Botao Score.png */ = {isa = PBXFileReference; lastKnownFileType = image.png; name = "Botao Score.png"; path = "Imagens/Botao Score.png"; sourceTree = "<group>"; };
		34E0F6EA199A9FF1005A1FD0 /* MELViewControllerCategoria.h */ = {isa = PBXFileReference; fileEncoding = 4; lastKnownFileType = sourcecode.c.h; path = MELViewControllerCategoria.h; sourceTree = "<group>"; };
		34E0F6EB199A9FF1005A1FD0 /* MELViewControllerCategoria.m */ = {isa = PBXFileReference; fileEncoding = 4; lastKnownFileType = sourcecode.c.objc; path = MELViewControllerCategoria.m; sourceTree = "<group>"; };
		34E0F6EC199A9FF1005A1FD0 /* MELViewControllerCategoria.xib */ = {isa = PBXFileReference; fileEncoding = 4; lastKnownFileType = file.xib; path = MELViewControllerCategoria.xib; sourceTree = "<group>"; };
		34E0F6EF199AA01D005A1FD0 /* menu categoria.png */ = {isa = PBXFileReference; lastKnownFileType = image.png; name = "menu categoria.png"; path = "Imagens/menu categoria.png"; sourceTree = "<group>"; };
		34E0F6F1199AA312005A1FD0 /* BG Menu.png */ = {isa = PBXFileReference; lastKnownFileType = image.png; name = "BG Menu.png"; path = "Imagens/BG Menu.png"; sourceTree = "<group>"; };
		34E0F6F3199AA3E9005A1FD0 /* herois.plist */ = {isa = PBXFileReference; fileEncoding = 4; lastKnownFileType = text.plist.xml; name = herois.plist; path = Perguntas/herois.plist; sourceTree = "<group>"; };
		34E0F6F4199AA3E9005A1FD0 /* viloes.plist */ = {isa = PBXFileReference; fileEncoding = 4; lastKnownFileType = text.plist.xml; name = viloes.plist; path = Perguntas/viloes.plist; sourceTree = "<group>"; };
		34E0F6F8199AA4C2005A1FD0 /* MELViewControllerViloes.h */ = {isa = PBXFileReference; fileEncoding = 4; lastKnownFileType = sourcecode.c.h; path = MELViewControllerViloes.h; sourceTree = "<group>"; };
		34E0F6F9199AA4C2005A1FD0 /* MELViewControllerViloes.m */ = {isa = PBXFileReference; fileEncoding = 4; lastKnownFileType = sourcecode.c.objc; path = MELViewControllerViloes.m; sourceTree = "<group>"; };
		34E0F6FA199AA4C2005A1FD0 /* MELViewControllerViloes.xib */ = {isa = PBXFileReference; fileEncoding = 4; lastKnownFileType = file.xib; path = MELViewControllerViloes.xib; sourceTree = "<group>"; };
		34E0F6FD199AA4E3005A1FD0 /* MELViewControllerHerois.h */ = {isa = PBXFileReference; fileEncoding = 4; lastKnownFileType = sourcecode.c.h; path = MELViewControllerHerois.h; sourceTree = "<group>"; };
		34E0F6FE199AA4E3005A1FD0 /* MELViewControllerHerois.m */ = {isa = PBXFileReference; fileEncoding = 4; lastKnownFileType = sourcecode.c.objc; path = MELViewControllerHerois.m; sourceTree = "<group>"; };
		34E0F6FF199AA4E3005A1FD0 /* MELViewControllerHerois.xib */ = {isa = PBXFileReference; fileEncoding = 4; lastKnownFileType = file.xib; path = MELViewControllerHerois.xib; sourceTree = "<group>"; };
		34E0F702199AA547005A1FD0 /* BG Heroi.png */ = {isa = PBXFileReference; lastKnownFileType = image.png; name = "BG Heroi.png"; path = "Imagens/BG Heroi.png"; sourceTree = "<group>"; };
		34E0F703199AA547005A1FD0 /* BG Vilao.png */ = {isa = PBXFileReference; lastKnownFileType = image.png; name = "BG Vilao.png"; path = "Imagens/BG Vilao.png"; sourceTree = "<group>"; };
		34E0F704199AA547005A1FD0 /* Botao Heroi.png */ = {isa = PBXFileReference; lastKnownFileType = image.png; name = "Botao Heroi.png"; path = "Imagens/Botao Heroi.png"; sourceTree = "<group>"; };
		34E0F705199AA547005A1FD0 /* Botao Vilao.png */ = {isa = PBXFileReference; lastKnownFileType = image.png; name = "Botao Vilao.png"; path = "Imagens/Botao Vilao.png"; sourceTree = "<group>"; };
		34E0F70A199AA58B005A1FD0 /* Fundo Pergunta Heroi.png */ = {isa = PBXFileReference; lastKnownFileType = image.png; name = "Fundo Pergunta Heroi.png"; path = "Imagens/Fundo Pergunta Heroi.png"; sourceTree = "<group>"; };
		34E0F70B199AA58B005A1FD0 /* Fundo Pergunta Vilao.png */ = {isa = PBXFileReference; lastKnownFileType = image.png; name = "Fundo Pergunta Vilao.png"; path = "Imagens/Fundo Pergunta Vilao.png"; sourceTree = "<group>"; };
		34FDFEC0199BD9E800627E26 /* AVFoundation.framework */ = {isa = PBXFileReference; lastKnownFileType = wrapper.framework; name = AVFoundation.framework; path = System/Library/Frameworks/AVFoundation.framework; sourceTree = SDKROOT; };
		6D6A2898199BF06300862A8F /* music2.m4a */ = {isa = PBXFileReference; lastKnownFileType = file; path = music2.m4a; sourceTree = "<group>"; };
		6D6A2899199BF06300862A8F /* music3.m4a */ = {isa = PBXFileReference; lastKnownFileType = file; path = music3.m4a; sourceTree = "<group>"; };
		6D6A289A199BF07400862A8F /* music.m4a */ = {isa = PBXFileReference; lastKnownFileType = file; path = music.m4a; sourceTree = "<group>"; };
		6D6E5486199BFB9F00C7C00D /* musica4.m4a */ = {isa = PBXFileReference; lastKnownFileType = file; path = musica4.m4a; sourceTree = "<group>"; };
		6D6E5487199BFF4C00C7C00D /* perfil.plist */ = {isa = PBXFileReference; fileEncoding = 4; lastKnownFileType = text.plist.xml; path = perfil.plist; sourceTree = "<group>"; };
/* End PBXFileReference section */

/* Begin PBXFrameworksBuildPhase section */
		34E0F6A2199A9C5D005A1FD0 /* Frameworks */ = {
			isa = PBXFrameworksBuildPhase;
			buildActionMask = 2147483647;
			files = (
				34FDFEC1199BD9E800627E26 /* AVFoundation.framework in Frameworks */,
				34E0F6AB199A9C5D005A1FD0 /* CoreGraphics.framework in Frameworks */,
				34E0F6AD199A9C5D005A1FD0 /* UIKit.framework in Frameworks */,
				34E0F6A9199A9C5D005A1FD0 /* Foundation.framework in Frameworks */,
			);
			runOnlyForDeploymentPostprocessing = 0;
		};
		34E0F6BD199A9C5D005A1FD0 /* Frameworks */ = {
			isa = PBXFrameworksBuildPhase;
			buildActionMask = 2147483647;
			files = (
				34E0F6C2199A9C5D005A1FD0 /* XCTest.framework in Frameworks */,
				34E0F6C4199A9C5D005A1FD0 /* UIKit.framework in Frameworks */,
				34E0F6C3199A9C5D005A1FD0 /* Foundation.framework in Frameworks */,
			);
			runOnlyForDeploymentPostprocessing = 0;
		};
/* End PBXFrameworksBuildPhase section */

/* Begin PBXGroup section */
		34E0F69C199A9C5D005A1FD0 = {
			isa = PBXGroup;
			children = (
				6D6A2898199BF06300862A8F /* music2.m4a */,
				6D6A2899199BF06300862A8F /* music3.m4a */,
				6D6A289A199BF07400862A8F /* music.m4a */,
				6D6E5486199BFB9F00C7C00D /* musica4.m4a */,
				34FDFEC3199BDB7100627E26 /* Musicas */,
				34E0F6F7199AA3F0005A1FD0 /* Perguntas */,
				34E0F6DF199A9CE4005A1FD0 /* imagens */,
				34E0F6DE199A9CB5005A1FD0 /* xib */,
				34E0F6DD199A9CAE005A1FD0 /* .m */,
				34E0F6DC199A9C99005A1FD0 /* .h */,
				34E0F6AE199A9C5D005A1FD0 /* Versus? */,
				34E0F6C7199A9C5D005A1FD0 /* Versus?Tests */,
				34E0F6A7199A9C5D005A1FD0 /* Frameworks */,
			);
			sourceTree = "<group>";
		};
		34E0F6A6199A9C5D005A1FD0 /* Products */ = {
			isa = PBXGroup;
			children = (
				34E0F6A5199A9C5D005A1FD0 /* Versus?.app */,
				34E0F6C0199A9C5D005A1FD0 /* Versus?Tests.xctest */,
			);
			name = Products;
			sourceTree = "<group>";
		};
		34E0F6A7199A9C5D005A1FD0 /* Frameworks */ = {
			isa = PBXGroup;
			children = (
				34FDFEC0199BD9E800627E26 /* AVFoundation.framework */,
				34E0F6A6199A9C5D005A1FD0 /* Products */,
				34E0F6A8199A9C5D005A1FD0 /* Foundation.framework */,
				34E0F6AA199A9C5D005A1FD0 /* CoreGraphics.framework */,
				34E0F6AC199A9C5D005A1FD0 /* UIKit.framework */,
				34E0F6C1199A9C5D005A1FD0 /* XCTest.framework */,
			);
			name = Frameworks;
			sourceTree = "<group>";
		};
		34E0F6AE199A9C5D005A1FD0 /* Versus? */ = {
			isa = PBXGroup;
			children = (
				34E0F6B7199A9C5D005A1FD0 /* MELAppDelegate.h */,
				34E0F6B8199A9C5D005A1FD0 /* MELAppDelegate.m */,
				34E0F6BA199A9C5D005A1FD0 /* Images.xcassets */,
				34E0F6AF199A9C5D005A1FD0 /* Supporting Files */,
			);
			path = "Versus?";
			sourceTree = "<group>";
		};
		34E0F6AF199A9C5D005A1FD0 /* Supporting Files */ = {
			isa = PBXGroup;
			children = (
				34E0F6B0199A9C5D005A1FD0 /* Versus?-Info.plist */,
				34E0F6B1199A9C5D005A1FD0 /* InfoPlist.strings */,
				34E0F6B4199A9C5D005A1FD0 /* main.m */,
				34E0F6B6199A9C5D005A1FD0 /* Versus?-Prefix.pch */,
			);
			name = "Supporting Files";
			sourceTree = "<group>";
		};
		34E0F6C7199A9C5D005A1FD0 /* Versus?Tests */ = {
			isa = PBXGroup;
			children = (
				34E0F6CD199A9C5D005A1FD0 /* Versus_Tests.m */,
				34E0F6C8199A9C5D005A1FD0 /* Supporting Files */,
			);
			path = "Versus?Tests";
			sourceTree = "<group>";
		};
		34E0F6C8199A9C5D005A1FD0 /* Supporting Files */ = {
			isa = PBXGroup;
			children = (
				34E0F6C9199A9C5D005A1FD0 /* Versus?Tests-Info.plist */,
				34E0F6CA199A9C5D005A1FD0 /* InfoPlist.strings */,
			);
			name = "Supporting Files";
			sourceTree = "<group>";
		};
		34E0F6DC199A9C99005A1FD0 /* .h */ = {
			isa = PBXGroup;
			children = (
				34E0F6D7199A9C8F005A1FD0 /* MELViewControllerMenu.h */,
				34E0F6EA199A9FF1005A1FD0 /* MELViewControllerCategoria.h */,
				34E0F6F8199AA4C2005A1FD0 /* MELViewControllerViloes.h */,
				34E0F6FD199AA4E3005A1FD0 /* MELViewControllerHerois.h */,
			);
			name = .h;
			sourceTree = "<group>";
		};
		34E0F6DD199A9CAE005A1FD0 /* .m */ = {
			isa = PBXGroup;
			children = (
				34E0F6D8199A9C8F005A1FD0 /* MELViewControllerMenu.m */,
				34E0F6EB199A9FF1005A1FD0 /* MELViewControllerCategoria.m */,
				34E0F6F9199AA4C2005A1FD0 /* MELViewControllerViloes.m */,
				34E0F6FE199AA4E3005A1FD0 /* MELViewControllerHerois.m */,
			);
			name = .m;
			sourceTree = "<group>";
		};
		34E0F6DE199A9CB5005A1FD0 /* xib */ = {
			isa = PBXGroup;
			children = (
				34E0F6D9199A9C8F005A1FD0 /* MELViewControllerMenu.xib */,
				34E0F6EC199A9FF1005A1FD0 /* MELViewControllerCategoria.xib */,
				34E0F6FA199AA4C2005A1FD0 /* MELViewControllerViloes.xib */,
				34E0F6FF199AA4E3005A1FD0 /* MELViewControllerHerois.xib */,
			);
			name = xib;
			sourceTree = "<group>";
		};
		34E0F6DF199A9CE4005A1FD0 /* imagens */ = {
			isa = PBXGroup;
			children = (
				34E0F70A199AA58B005A1FD0 /* Fundo Pergunta Heroi.png */,
				34E0F70B199AA58B005A1FD0 /* Fundo Pergunta Vilao.png */,
				34E0F702199AA547005A1FD0 /* BG Heroi.png */,
				34E0F703199AA547005A1FD0 /* BG Vilao.png */,
				34E0F704199AA547005A1FD0 /* Botao Heroi.png */,
				34E0F705199AA547005A1FD0 /* Botao Vilao.png */,
				34E0F6EF199AA01D005A1FD0 /* menu categoria.png */,
				34E0F6F1199AA312005A1FD0 /* BG Menu.png */,
				34E0F6E8199A9F19005A1FD0 /* Botao Score.png */,
				34E0F6E6199A9F0A005A1FD0 /* Botao Jogar.png */,
				34E0F6E4199A9E51005A1FD0 /* Botao Perfil.png */,
				34E0F6E2199A9D8B005A1FD0 /* Logo Menu.png */,
			);
			name = imagens;
			sourceTree = "<group>";
		};
		34E0F6F7199AA3F0005A1FD0 /* Perguntas */ = {
			isa = PBXGroup;
			children = (
				6D6E5487199BFF4C00C7C00D /* perfil.plist */,
				34E0F6F3199AA3E9005A1FD0 /* herois.plist */,
				34E0F6F4199AA3E9005A1FD0 /* viloes.plist */,
			);
			name = Perguntas;
			sourceTree = "<group>";
		};
		34FDFEC3199BDB7100627E26 /* Musicas */ = {
			isa = PBXGroup;
			children = (
			);
			name = Musicas;
			sourceTree = "<group>";
		};
/* End PBXGroup section */

/* Begin PBXNativeTarget section */
		34E0F6A4199A9C5D005A1FD0 /* Versus? */ = {
			isa = PBXNativeTarget;
			buildConfigurationList = 34E0F6D1199A9C5D005A1FD0 /* Build configuration list for PBXNativeTarget "Versus?" */;
			buildPhases = (
				34E0F6A1199A9C5D005A1FD0 /* Sources */,
				34E0F6A2199A9C5D005A1FD0 /* Frameworks */,
				34E0F6A3199A9C5D005A1FD0 /* Resources */,
			);
			buildRules = (
			);
			dependencies = (
			);
			name = "Versus?";
			productName = "Versus?";
			productReference = 34E0F6A5199A9C5D005A1FD0 /* Versus?.app */;
			productType = "com.apple.product-type.application";
		};
		34E0F6BF199A9C5D005A1FD0 /* Versus?Tests */ = {
			isa = PBXNativeTarget;
			buildConfigurationList = 34E0F6D4199A9C5D005A1FD0 /* Build configuration list for PBXNativeTarget "Versus?Tests" */;
			buildPhases = (
				34E0F6BC199A9C5D005A1FD0 /* Sources */,
				34E0F6BD199A9C5D005A1FD0 /* Frameworks */,
				34E0F6BE199A9C5D005A1FD0 /* Resources */,
			);
			buildRules = (
			);
			dependencies = (
				34E0F6C6199A9C5D005A1FD0 /* PBXTargetDependency */,
			);
			name = "Versus?Tests";
			productName = "Versus?Tests";
			productReference = 34E0F6C0199A9C5D005A1FD0 /* Versus?Tests.xctest */;
			productType = "com.apple.product-type.bundle.unit-test";
		};
/* End PBXNativeTarget section */

/* Begin PBXProject section */
		34E0F69D199A9C5D005A1FD0 /* Project object */ = {
			isa = PBXProject;
			attributes = {
				CLASSPREFIX = MEL;
				LastUpgradeCheck = 0510;
				ORGANIZATIONNAME = "Eduardo Alves";
				TargetAttributes = {
					34E0F6BF199A9C5D005A1FD0 = {
						TestTargetID = 34E0F6A4199A9C5D005A1FD0;
					};
				};
			};
			buildConfigurationList = 34E0F6A0199A9C5D005A1FD0 /* Build configuration list for PBXProject "Versus?" */;
			compatibilityVersion = "Xcode 3.2";
			developmentRegion = English;
			hasScannedForEncodings = 0;
			knownRegions = (
				en,
			);
			mainGroup = 34E0F69C199A9C5D005A1FD0;
			productRefGroup = 34E0F6A6199A9C5D005A1FD0 /* Products */;
			projectDirPath = "";
			projectRoot = "";
			targets = (
				34E0F6A4199A9C5D005A1FD0 /* Versus? */,
				34E0F6BF199A9C5D005A1FD0 /* Versus?Tests */,
			);
		};
/* End PBXProject section */

/* Begin PBXResourcesBuildPhase section */
		34E0F6A3199A9C5D005A1FD0 /* Resources */ = {
			isa = PBXResourcesBuildPhase;
			buildActionMask = 2147483647;
			files = (
				34E0F6F0199AA01D005A1FD0 /* menu categoria.png in Resources */,
				34E0F6E7199A9F0A005A1FD0 /* Botao Jogar.png in Resources */,
				34E0F708199AA547005A1FD0 /* Botao Heroi.png in Resources */,
				34E0F6F5199AA3E9005A1FD0 /* herois.plist in Resources */,
				34E0F707199AA547005A1FD0 /* BG Vilao.png in Resources */,
				34E0F701199AA4E3005A1FD0 /* MELViewControllerHerois.xib in Resources */,
				34E0F6FC199AA4C2005A1FD0 /* MELViewControllerViloes.xib in Resources */,
				34E0F70C199AA58B005A1FD0 /* Fundo Pergunta Heroi.png in Resources */,
				34E0F70D199AA58B005A1FD0 /* Fundo Pergunta Vilao.png in Resources */,
				34E0F6EE199A9FF1005A1FD0 /* MELViewControllerCategoria.xib in Resources */,
				34E0F6DB199A9C8F005A1FD0 /* MELViewControllerMenu.xib in Resources */,
				34E0F6F2199AA312005A1FD0 /* BG Menu.png in Resources */,
				6D6E5488199BFF4C00C7C00D /* perfil.plist in Resources */,
				34E0F6E9199A9F19005A1FD0 /* Botao Score.png in Resources */,
				34E0F6E5199A9E51005A1FD0 /* Botao Perfil.png in Resources */,
				34E0F709199AA547005A1FD0 /* Botao Vilao.png in Resources */,
				34E0F6F6199AA3E9005A1FD0 /* viloes.plist in Resources */,
				34E0F706199AA547005A1FD0 /* BG Heroi.png in Resources */,
				34E0F6E3199A9D8B005A1FD0 /* Logo Menu.png in Resources */,
				34E0F6B3199A9C5D005A1FD0 /* InfoPlist.strings in Resources */,
				34E0F6BB199A9C5D005A1FD0 /* Images.xcassets in Resources */,
			);
			runOnlyForDeploymentPostprocessing = 0;
		};
		34E0F6BE199A9C5D005A1FD0 /* Resources */ = {
			isa = PBXResourcesBuildPhase;
			buildActionMask = 2147483647;
			files = (
				34E0F6CC199A9C5D005A1FD0 /* InfoPlist.strings in Resources */,
			);
			runOnlyForDeploymentPostprocessing = 0;
		};
/* End PBXResourcesBuildPhase section */

/* Begin PBXSourcesBuildPhase section */
		34E0F6A1199A9C5D005A1FD0 /* Sources */ = {
			isa = PBXSourcesBuildPhase;
			buildActionMask = 2147483647;
			files = (
				34E0F6FB199AA4C2005A1FD0 /* MELViewControllerViloes.m in Sources */,
				34E0F6B5199A9C5D005A1FD0 /* main.m in Sources */,
				34E0F6DA199A9C8F005A1FD0 /* MELViewControllerMenu.m in Sources */,
				34E0F700199AA4E3005A1FD0 /* MELViewControllerHerois.m in Sources */,
				34E0F6B9199A9C5D005A1FD0 /* MELAppDelegate.m in Sources */,
				34E0F6ED199A9FF1005A1FD0 /* MELViewControllerCategoria.m in Sources */,
			);
			runOnlyForDeploymentPostprocessing = 0;
		};
		34E0F6BC199A9C5D005A1FD0 /* Sources */ = {
			isa = PBXSourcesBuildPhase;
			buildActionMask = 2147483647;
			files = (
				34E0F6CE199A9C5D005A1FD0 /* Versus_Tests.m in Sources */,
			);
			runOnlyForDeploymentPostprocessing = 0;
		};
/* End PBXSourcesBuildPhase section */

/* Begin PBXTargetDependency section */
		34E0F6C6199A9C5D005A1FD0 /* PBXTargetDependency */ = {
			isa = PBXTargetDependency;
			target = 34E0F6A4199A9C5D005A1FD0 /* Versus? */;
			targetProxy = 34E0F6C5199A9C5D005A1FD0 /* PBXContainerItemProxy */;
		};
/* End PBXTargetDependency section */

/* Begin PBXVariantGroup section */
		34E0F6B1199A9C5D005A1FD0 /* InfoPlist.strings */ = {
			isa = PBXVariantGroup;
			children = (
				34E0F6B2199A9C5D005A1FD0 /* en */,
			);
			name = InfoPlist.strings;
			sourceTree = "<group>";
		};
		34E0F6CA199A9C5D005A1FD0 /* InfoPlist.strings */ = {
			isa = PBXVariantGroup;
			children = (
				34E0F6CB199A9C5D005A1FD0 /* en */,
			);
			name = InfoPlist.strings;
			sourceTree = "<group>";
		};
/* End PBXVariantGroup section */

/* Begin XCBuildConfiguration section */
		34E0F6CF199A9C5D005A1FD0 /* Debug */ = {
			isa = XCBuildConfiguration;
			buildSettings = {
				ALWAYS_SEARCH_USER_PATHS = NO;
				CLANG_CXX_LANGUAGE_STANDARD = "gnu++0x";
				CLANG_CXX_LIBRARY = "libc++";
				CLANG_ENABLE_MODULES = YES;
				CLANG_ENABLE_OBJC_ARC = YES;
				CLANG_WARN_BOOL_CONVERSION = YES;
				CLANG_WARN_CONSTANT_CONVERSION = YES;
				CLANG_WARN_DIRECT_OBJC_ISA_USAGE = YES_ERROR;
				CLANG_WARN_EMPTY_BODY = YES;
				CLANG_WARN_ENUM_CONVERSION = YES;
				CLANG_WARN_INT_CONVERSION = YES;
				CLANG_WARN_OBJC_ROOT_CLASS = YES_ERROR;
				CLANG_WARN__DUPLICATE_METHOD_MATCH = YES;
				"CODE_SIGN_IDENTITY[sdk=iphoneos*]" = "iPhone Developer";
				COPY_PHASE_STRIP = NO;
				GCC_C_LANGUAGE_STANDARD = gnu99;
				GCC_DYNAMIC_NO_PIC = NO;
				GCC_OPTIMIZATION_LEVEL = 0;
				GCC_PREPROCESSOR_DEFINITIONS = (
					"DEBUG=1",
					"$(inherited)",
				);
				GCC_SYMBOLS_PRIVATE_EXTERN = NO;
				GCC_WARN_64_TO_32_BIT_CONVERSION = YES;
				GCC_WARN_ABOUT_RETURN_TYPE = YES_ERROR;
				GCC_WARN_UNDECLARED_SELECTOR = YES;
				GCC_WARN_UNINITIALIZED_AUTOS = YES_AGGRESSIVE;
				GCC_WARN_UNUSED_FUNCTION = YES;
				GCC_WARN_UNUSED_VARIABLE = YES;
				IPHONEOS_DEPLOYMENT_TARGET = 7.1;
				ONLY_ACTIVE_ARCH = YES;
				SDKROOT = iphoneos;
				TARGETED_DEVICE_FAMILY = "1,2";
			};
			name = Debug;
		};
		34E0F6D0199A9C5D005A1FD0 /* Release */ = {
			isa = XCBuildConfiguration;
			buildSettings = {
				ALWAYS_SEARCH_USER_PATHS = NO;
				CLANG_CXX_LANGUAGE_STANDARD = "gnu++0x";
				CLANG_CXX_LIBRARY = "libc++";
				CLANG_ENABLE_MODULES = YES;
				CLANG_ENABLE_OBJC_ARC = YES;
				CLANG_WARN_BOOL_CONVERSION = YES;
				CLANG_WARN_CONSTANT_CONVERSION = YES;
				CLANG_WARN_DIRECT_OBJC_ISA_USAGE = YES_ERROR;
				CLANG_WARN_EMPTY_BODY = YES;
				CLANG_WARN_ENUM_CONVERSION = YES;
				CLANG_WARN_INT_CONVERSION = YES;
				CLANG_WARN_OBJC_ROOT_CLASS = YES_ERROR;
				CLANG_WARN__DUPLICATE_METHOD_MATCH = YES;
				"CODE_SIGN_IDENTITY[sdk=iphoneos*]" = "iPhone Developer";
				COPY_PHASE_STRIP = YES;
				ENABLE_NS_ASSERTIONS = NO;
				GCC_C_LANGUAGE_STANDARD = gnu99;
				GCC_WARN_64_TO_32_BIT_CONVERSION = YES;
				GCC_WARN_ABOUT_RETURN_TYPE = YES_ERROR;
				GCC_WARN_UNDECLARED_SELECTOR = YES;
				GCC_WARN_UNINITIALIZED_AUTOS = YES_AGGRESSIVE;
				GCC_WARN_UNUSED_FUNCTION = YES;
				GCC_WARN_UNUSED_VARIABLE = YES;
				IPHONEOS_DEPLOYMENT_TARGET = 7.1;
				SDKROOT = iphoneos;
				TARGETED_DEVICE_FAMILY = "1,2";
				VALIDATE_PRODUCT = YES;
			};
			name = Release;
		};
		34E0F6D2199A9C5D005A1FD0 /* Debug */ = {
			isa = XCBuildConfiguration;
			buildSettings = {
				ASSETCATALOG_COMPILER_APPICON_NAME = AppIcon;
				ASSETCATALOG_COMPILER_LAUNCHIMAGE_NAME = LaunchImage;
				GCC_PRECOMPILE_PREFIX_HEADER = YES;
				GCC_PREFIX_HEADER = "Versus?/Versus?-Prefix.pch";
				INFOPLIST_FILE = "Versus?/Versus?-Info.plist";
				PRODUCT_NAME = "$(TARGET_NAME)";
				WRAPPER_EXTENSION = app;
			};
			name = Debug;
		};
		34E0F6D3199A9C5D005A1FD0 /* Release */ = {
			isa = XCBuildConfiguration;
			buildSettings = {
				ASSETCATALOG_COMPILER_APPICON_NAME = AppIcon;
				ASSETCATALOG_COMPILER_LAUNCHIMAGE_NAME = LaunchImage;
				GCC_PRECOMPILE_PREFIX_HEADER = YES;
				GCC_PREFIX_HEADER = "Versus?/Versus?-Prefix.pch";
				INFOPLIST_FILE = "Versus?/Versus?-Info.plist";
				PRODUCT_NAME = "$(TARGET_NAME)";
				WRAPPER_EXTENSION = app;
			};
			name = Release;
		};
		34E0F6D5199A9C5D005A1FD0 /* Debug */ = {
			isa = XCBuildConfiguration;
			buildSettings = {
				BUNDLE_LOADER = "$(BUILT_PRODUCTS_DIR)/Versus?.app/Versus?";
				FRAMEWORK_SEARCH_PATHS = (
					"$(SDKROOT)/Developer/Library/Frameworks",
					"$(inherited)",
					"$(DEVELOPER_FRAMEWORKS_DIR)",
				);
				GCC_PRECOMPILE_PREFIX_HEADER = YES;
				GCC_PREFIX_HEADER = "Versus?/Versus?-Prefix.pch";
				GCC_PREPROCESSOR_DEFINITIONS = (
					"DEBUG=1",
					"$(inherited)",
				);
				INFOPLIST_FILE = "Versus?Tests/Versus?Tests-Info.plist";
				PRODUCT_NAME = "$(TARGET_NAME)";
				TEST_HOST = "$(BUNDLE_LOADER)";
				WRAPPER_EXTENSION = xctest;
			};
			name = Debug;
		};
		34E0F6D6199A9C5D005A1FD0 /* Release */ = {
			isa = XCBuildConfiguration;
			buildSettings = {
				BUNDLE_LOADER = "$(BUILT_PRODUCTS_DIR)/Versus?.app/Versus?";
				FRAMEWORK_SEARCH_PATHS = (
					"$(SDKROOT)/Developer/Library/Frameworks",
					"$(inherited)",
					"$(DEVELOPER_FRAMEWORKS_DIR)",
				);
				GCC_PRECOMPILE_PREFIX_HEADER = YES;
				GCC_PREFIX_HEADER = "Versus?/Versus?-Prefix.pch";
				INFOPLIST_FILE = "Versus?Tests/Versus?Tests-Info.plist";
				PRODUCT_NAME = "$(TARGET_NAME)";
				TEST_HOST = "$(BUNDLE_LOADER)";
				WRAPPER_EXTENSION = xctest;
			};
			name = Release;
		};
/* End XCBuildConfiguration section */

/* Begin XCConfigurationList section */
		34E0F6A0199A9C5D005A1FD0 /* Build configuration list for PBXProject "Versus?" */ = {
			isa = XCConfigurationList;
			buildConfigurations = (
				34E0F6CF199A9C5D005A1FD0 /* Debug */,
				34E0F6D0199A9C5D005A1FD0 /* Release */,
			);
			defaultConfigurationIsVisible = 0;
			defaultConfigurationName = Release;
		};
		34E0F6D1199A9C5D005A1FD0 /* Build configuration list for PBXNativeTarget "Versus?" */ = {
			isa = XCConfigurationList;
			buildConfigurations = (
				34E0F6D2199A9C5D005A1FD0 /* Debug */,
				34E0F6D3199A9C5D005A1FD0 /* Release */,
			);
			defaultConfigurationIsVisible = 0;
			defaultConfigurationName = Release;
		};
		34E0F6D4199A9C5D005A1FD0 /* Build configuration list for PBXNativeTarget "Versus?Tests" */ = {
			isa = XCConfigurationList;
			buildConfigurations = (
				34E0F6D5199A9C5D005A1FD0 /* Debug */,
				34E0F6D6199A9C5D005A1FD0 /* Release */,
			);
			defaultConfigurationIsVisible = 0;
			defaultConfigurationName = Release;
		};
/* End XCConfigurationList section */
	};
	rootObject = 34E0F69D199A9C5D005A1FD0 /* Project object */;
}
