// !$*UTF8*$!
{
	archiveVersion = 1;
	classes = {
	};
	objectVersion = 46;
	objects = {

/* Begin PBXBuildFile section */
		34130DD1199D2A780059276B /* MELViewControllerPerfil.m in Sources */ = {isa = PBXBuildFile; fileRef = 34130DCF199D2A780059276B /* MELViewControllerPerfil.m */; settings = {COMPILER_FLAGS = "-w"; }; };
		34130DD2199D2A780059276B /* MELViewControllerPerfil.xib in Resources */ = {isa = PBXBuildFile; fileRef = 34130DD0199D2A780059276B /* MELViewControllerPerfil.xib */; };
		3466E66119A29F2400CBAB39 /* GameKit.framework in Frameworks */ = {isa = PBXBuildFile; fileRef = 3466E66019A29F2400CBAB39 /* GameKit.framework */; };
		34ABFE10199D4CF200E29175 /* MELViewControllerMenuiPad.m in Sources */ = {isa = PBXBuildFile; fileRef = 34ABFE0E199D4CF200E29175 /* MELViewControllerMenuiPad.m */; settings = {COMPILER_FLAGS = "-w"; }; };
		34ABFE11199D4CF200E29175 /* MELViewControllerMenuiPad.xib in Resources */ = {isa = PBXBuildFile; fileRef = 34ABFE0F199D4CF200E29175 /* MELViewControllerMenuiPad.xib */; };
		34ABFE15199D4FB600E29175 /* MELViewControllerCategoriaiPad.m in Sources */ = {isa = PBXBuildFile; fileRef = 34ABFE13199D4FB600E29175 /* MELViewControllerCategoriaiPad.m */; settings = {COMPILER_FLAGS = "-w"; }; };
		34ABFE16199D4FB600E29175 /* MELViewControllerCategoriaiPad.xib in Resources */ = {isa = PBXBuildFile; fileRef = 34ABFE14199D4FB600E29175 /* MELViewControllerCategoriaiPad.xib */; };
		34ABFE1A199D4FD400E29175 /* MELViewControllerViloesiPad.m in Sources */ = {isa = PBXBuildFile; fileRef = 34ABFE18199D4FD400E29175 /* MELViewControllerViloesiPad.m */; settings = {COMPILER_FLAGS = "-w"; }; };
		34ABFE1B199D4FD400E29175 /* MELViewControllerViloesiPad.xib in Resources */ = {isa = PBXBuildFile; fileRef = 34ABFE19199D4FD400E29175 /* MELViewControllerViloesiPad.xib */; };
		34ABFE1F199D4FF200E29175 /* MELViewControllerHeroisiPad.m in Sources */ = {isa = PBXBuildFile; fileRef = 34ABFE1D199D4FF200E29175 /* MELViewControllerHeroisiPad.m */; settings = {COMPILER_FLAGS = "-w"; }; };
		34ABFE20199D4FF200E29175 /* MELViewControllerHeroisiPad.xib in Resources */ = {isa = PBXBuildFile; fileRef = 34ABFE1E199D4FF200E29175 /* MELViewControllerHeroisiPad.xib */; };
		34ABFE24199D501100E29175 /* MELViewControllerPerfiliPad.m in Sources */ = {isa = PBXBuildFile; fileRef = 34ABFE22199D501100E29175 /* MELViewControllerPerfiliPad.m */; settings = {COMPILER_FLAGS = "-w"; }; };
		34ABFE25199D501100E29175 /* MELViewControllerPerfiliPad.xib in Resources */ = {isa = PBXBuildFile; fileRef = 34ABFE23199D501100E29175 /* MELViewControllerPerfiliPad.xib */; };
		34E0F6A9199A9C5D005A1FD0 /* Foundation.framework in Frameworks */ = {isa = PBXBuildFile; fileRef = 34E0F6A8199A9C5D005A1FD0 /* Foundation.framework */; };
		34E0F6AB199A9C5D005A1FD0 /* CoreGraphics.framework in Frameworks */ = {isa = PBXBuildFile; fileRef = 34E0F6AA199A9C5D005A1FD0 /* CoreGraphics.framework */; };
		34E0F6AD199A9C5D005A1FD0 /* UIKit.framework in Frameworks */ = {isa = PBXBuildFile; fileRef = 34E0F6AC199A9C5D005A1FD0 /* UIKit.framework */; };
		34E0F6B3199A9C5D005A1FD0 /* InfoPlist.strings in Resources */ = {isa = PBXBuildFile; fileRef = 34E0F6B1199A9C5D005A1FD0 /* InfoPlist.strings */; };
		34E0F6B5199A9C5D005A1FD0 /* main.m in Sources */ = {isa = PBXBuildFile; fileRef = 34E0F6B4199A9C5D005A1FD0 /* main.m */; };
		34E0F6B9199A9C5D005A1FD0 /* MELAppDelegate.m in Sources */ = {isa = PBXBuildFile; fileRef = 34E0F6B8199A9C5D005A1FD0 /* MELAppDelegate.m */; settings = {COMPILER_FLAGS = "-w"; }; };
		34E0F6BB199A9C5D005A1FD0 /* Images.xcassets in Resources */ = {isa = PBXBuildFile; fileRef = 34E0F6BA199A9C5D005A1FD0 /* Images.xcassets */; };
		34E0F6C2199A9C5D005A1FD0 /* XCTest.framework in Frameworks */ = {isa = PBXBuildFile; fileRef = 34E0F6C1199A9C5D005A1FD0 /* XCTest.framework */; };
		34E0F6C3199A9C5D005A1FD0 /* Foundation.framework in Frameworks */ = {isa = PBXBuildFile; fileRef = 34E0F6A8199A9C5D005A1FD0 /* Foundation.framework */; };
		34E0F6C4199A9C5D005A1FD0 /* UIKit.framework in Frameworks */ = {isa = PBXBuildFile; fileRef = 34E0F6AC199A9C5D005A1FD0 /* UIKit.framework */; };
		34E0F6CC199A9C5D005A1FD0 /* InfoPlist.strings in Resources */ = {isa = PBXBuildFile; fileRef = 34E0F6CA199A9C5D005A1FD0 /* InfoPlist.strings */; };
		34E0F6CE199A9C5D005A1FD0 /* Versus_Tests.m in Sources */ = {isa = PBXBuildFile; fileRef = 34E0F6CD199A9C5D005A1FD0 /* Versus_Tests.m */; };
		34E0F6DA199A9C8F005A1FD0 /* MELViewControllerMenu.m in Sources */ = {isa = PBXBuildFile; fileRef = 34E0F6D8199A9C8F005A1FD0 /* MELViewControllerMenu.m */; settings = {COMPILER_FLAGS = "-w"; }; };
		34E0F6DB199A9C8F005A1FD0 /* MELViewControllerMenu.xib in Resources */ = {isa = PBXBuildFile; fileRef = 34E0F6D9199A9C8F005A1FD0 /* MELViewControllerMenu.xib */; };
		34E0F6ED199A9FF1005A1FD0 /* MELViewControllerCategoria.m in Sources */ = {isa = PBXBuildFile; fileRef = 34E0F6EB199A9FF1005A1FD0 /* MELViewControllerCategoria.m */; settings = {COMPILER_FLAGS = "-w"; }; };
		34E0F6EE199A9FF1005A1FD0 /* MELViewControllerCategoria.xib in Resources */ = {isa = PBXBuildFile; fileRef = 34E0F6EC199A9FF1005A1FD0 /* MELViewControllerCategoria.xib */; };
		34E0F6F5199AA3E9005A1FD0 /* herois.plist in Resources */ = {isa = PBXBuildFile; fileRef = 34E0F6F3199AA3E9005A1FD0 /* herois.plist */; };
		34E0F6F6199AA3E9005A1FD0 /* viloes.plist in Resources */ = {isa = PBXBuildFile; fileRef = 34E0F6F4199AA3E9005A1FD0 /* viloes.plist */; };
		34E0F6FB199AA4C2005A1FD0 /* MELViewControllerViloes.m in Sources */ = {isa = PBXBuildFile; fileRef = 34E0F6F9199AA4C2005A1FD0 /* MELViewControllerViloes.m */; settings = {COMPILER_FLAGS = "-w"; }; };
		34E0F6FC199AA4C2005A1FD0 /* MELViewControllerViloes.xib in Resources */ = {isa = PBXBuildFile; fileRef = 34E0F6FA199AA4C2005A1FD0 /* MELViewControllerViloes.xib */; };
		34E0F700199AA4E3005A1FD0 /* MELViewControllerHerois.m in Sources */ = {isa = PBXBuildFile; fileRef = 34E0F6FE199AA4E3005A1FD0 /* MELViewControllerHerois.m */; settings = {COMPILER_FLAGS = "-w"; }; };
		34E0F701199AA4E3005A1FD0 /* MELViewControllerHerois.xib in Resources */ = {isa = PBXBuildFile; fileRef = 34E0F6FF199AA4E3005A1FD0 /* MELViewControllerHerois.xib */; };
		34FDFEC1199BD9E800627E26 /* AVFoundation.framework in Frameworks */ = {isa = PBXBuildFile; fileRef = 34FDFEC0199BD9E800627E26 /* AVFoundation.framework */; };
		6DAED63D19A3DD9D00763378 /* CustomActionSheet.m in Sources */ = {isa = PBXBuildFile; fileRef = 6DAED63C19A3DD9D00763378 /* CustomActionSheet.m */; settings = {COMPILER_FLAGS = "-w"; }; };
		6DDA412719E46D85007B2BF1 /* music.m4a in Resources */ = {isa = PBXBuildFile; fileRef = 6DDA412619E46D85007B2BF1 /* music.m4a */; };
		6DDA412919E46F00007B2BF1 /* heroi.m4a in Resources */ = {isa = PBXBuildFile; fileRef = 6DDA412819E46F00007B2BF1 /* heroi.m4a */; };
		6DDA412B19E46F19007B2BF1 /* categoria.m4a in Resources */ = {isa = PBXBuildFile; fileRef = 6DDA412A19E46F19007B2BF1 /* categoria.m4a */; };
		6DDA412D19E46F36007B2BF1 /* vilao.m4a in Resources */ = {isa = PBXBuildFile; fileRef = 6DDA412C19E46F36007B2BF1 /* vilao.m4a */; };
		6DE5E81819AD243200F5F9A0 /* GC Saturado.png in Resources */ = {isa = PBXBuildFile; fileRef = 6DE5E81719AD243200F5F9A0 /* GC Saturado.png */; };
		6DE5E81A19AD244100F5F9A0 /* Game-Center2.png in Resources */ = {isa = PBXBuildFile; fileRef = 6DE5E81919AD244100F5F9A0 /* Game-Center2.png */; };
		A95ADF4319ABB2E200513C42 /* QuartzCore.framework in Frameworks */ = {isa = PBXBuildFile; fileRef = A95ADF4219ABB2E200513C42 /* QuartzCore.framework */; };
		A9C9102419E863CC008AC7CE /* LogoVS.png in Resources */ = {isa = PBXBuildFile; fileRef = A9C9102319E863CC008AC7CE /* LogoVS.png */; };
		A9CE718019F8286F00DBDA69 /* musicaVersus.m4a in Resources */ = {isa = PBXBuildFile; fileRef = A9CE717F19F8286F00DBDA69 /* musicaVersus.m4a */; };
		A9D94E7519AE565100B28EA3 /* libCorePlot-CocoaTouch.a in Frameworks */ = {isa = PBXBuildFile; fileRef = A9D94E7419AE565100B28EA3 /* libCorePlot-CocoaTouch.a */; };
		A9D9525E19AE59EB00B28EA3 /* CPTNumericData+TypeConversions_Generation.py in Resources */ = {isa = PBXBuildFile; fileRef = A9D951C219AE59EB00B28EA3 /* CPTNumericData+TypeConversions_Generation.py */; };
		A9D9528419AE59EB00B28EA3 /* license.txt in Resources */ = {isa = PBXBuildFile; fileRef = A9D9520E19AE59EB00B28EA3 /* license.txt */; };
		A9DF2C8519E7058C008BDD46 /* BGMenu.png in Resources */ = {isa = PBXBuildFile; fileRef = A9DF2C7B19E7058C008BDD46 /* BGMenu.png */; };
		A9DF2C8619E7058C008BDD46 /* BGMenu2.png in Resources */ = {isa = PBXBuildFile; fileRef = A9DF2C7C19E7058C008BDD46 /* BGMenu2.png */; };
		A9DF2C8719E7058C008BDD46 /* BGPerguntas.png in Resources */ = {isa = PBXBuildFile; fileRef = A9DF2C7D19E7058C008BDD46 /* BGPerguntas.png */; };
		A9DF2C8819E7058C008BDD46 /* Botao.png in Resources */ = {isa = PBXBuildFile; fileRef = A9DF2C7E19E7058C008BDD46 /* Botao.png */; };
		A9DF2C8B19E7058C008BDD46 /* BotaoJogar.png in Resources */ = {isa = PBXBuildFile; fileRef = A9DF2C8119E7058C008BDD46 /* BotaoJogar.png */; };
		A9DF2C8C19E7058C008BDD46 /* BotaoPerfil.png in Resources */ = {isa = PBXBuildFile; fileRef = A9DF2C8219E7058C008BDD46 /* BotaoPerfil.png */; };
		A9DF2C8E19E7058C008BDD46 /* Escolhaseulado.png in Resources */ = {isa = PBXBuildFile; fileRef = A9DF2C8419E7058C008BDD46 /* Escolhaseulado.png */; };
		A9DF2CDF19E70E6F008BDD46 /* BotaoHeroi.png in Resources */ = {isa = PBXBuildFile; fileRef = A9DF2CDD19E70E6F008BDD46 /* BotaoHeroi.png */; };
		A9DF2CE019E70E6F008BDD46 /* BotaoVilao.png in Resources */ = {isa = PBXBuildFile; fileRef = A9DF2CDE19E70E6F008BDD46 /* BotaoVilao.png */; };
		A9DF2CE519E70F97008BDD46 /* Pergunta.png in Resources */ = {isa = PBXBuildFile; fileRef = A9DF2CE119E70F97008BDD46 /* Pergunta.png */; };
		A9DF2CE619E70F97008BDD46 /* Score.png in Resources */ = {isa = PBXBuildFile; fileRef = A9DF2CE219E70F97008BDD46 /* Score.png */; };
		A9DF2CE719E70F97008BDD46 /* Tempo.png in Resources */ = {isa = PBXBuildFile; fileRef = A9DF2CE319E70F97008BDD46 /* Tempo.png */; };
		A9DF2CE819E70F97008BDD46 /* Vida.png in Resources */ = {isa = PBXBuildFile; fileRef = A9DF2CE419E70F97008BDD46 /* Vida.png */; };
/* End PBXBuildFile section */

/* Begin PBXContainerItemProxy section */
		34E0F6C5199A9C5D005A1FD0 /* PBXContainerItemProxy */ = {
			isa = PBXContainerItemProxy;
			containerPortal = 34E0F69D199A9C5D005A1FD0 /* Project object */;
			proxyType = 1;
			remoteGlobalIDString = 34E0F6A4199A9C5D005A1FD0;
			remoteInfo = "Versus?";
		};
/* End PBXContainerItemProxy section */

/* Begin PBXFileReference section */
		34130DCE199D2A780059276B /* MELViewControllerPerfil.h */ = {isa = PBXFileReference; fileEncoding = 4; lastKnownFileType = sourcecode.c.h; path = MELViewControllerPerfil.h; sourceTree = "<group>"; };
		34130DCF199D2A780059276B /* MELViewControllerPerfil.m */ = {isa = PBXFileReference; fileEncoding = 4; lastKnownFileType = sourcecode.c.objc; path = MELViewControllerPerfil.m; sourceTree = "<group>"; };
		34130DD0199D2A780059276B /* MELViewControllerPerfil.xib */ = {isa = PBXFileReference; fileEncoding = 4; lastKnownFileType = file.xib; path = MELViewControllerPerfil.xib; sourceTree = "<group>"; };
		3466E66019A29F2400CBAB39 /* GameKit.framework */ = {isa = PBXFileReference; lastKnownFileType = wrapper.framework; name = GameKit.framework; path = System/Library/Frameworks/GameKit.framework; sourceTree = SDKROOT; };
		34ABFE0D199D4CF200E29175 /* MELViewControllerMenuiPad.h */ = {isa = PBXFileReference; fileEncoding = 4; lastKnownFileType = sourcecode.c.h; path = MELViewControllerMenuiPad.h; sourceTree = "<group>"; };
		34ABFE0E199D4CF200E29175 /* MELViewControllerMenuiPad.m */ = {isa = PBXFileReference; fileEncoding = 4; lastKnownFileType = sourcecode.c.objc; path = MELViewControllerMenuiPad.m; sourceTree = "<group>"; };
		34ABFE0F199D4CF200E29175 /* MELViewControllerMenuiPad.xib */ = {isa = PBXFileReference; fileEncoding = 4; lastKnownFileType = file.xib; path = MELViewControllerMenuiPad.xib; sourceTree = "<group>"; };
		34ABFE12199D4FB600E29175 /* MELViewControllerCategoriaiPad.h */ = {isa = PBXFileReference; fileEncoding = 4; lastKnownFileType = sourcecode.c.h; path = MELViewControllerCategoriaiPad.h; sourceTree = "<group>"; };
		34ABFE13199D4FB600E29175 /* MELViewControllerCategoriaiPad.m */ = {isa = PBXFileReference; fileEncoding = 4; lastKnownFileType = sourcecode.c.objc; path = MELViewControllerCategoriaiPad.m; sourceTree = "<group>"; };
		34ABFE14199D4FB600E29175 /* MELViewControllerCategoriaiPad.xib */ = {isa = PBXFileReference; fileEncoding = 4; lastKnownFileType = file.xib; path = MELViewControllerCategoriaiPad.xib; sourceTree = "<group>"; };
		34ABFE17199D4FD400E29175 /* MELViewControllerViloesiPad.h */ = {isa = PBXFileReference; fileEncoding = 4; lastKnownFileType = sourcecode.c.h; name = MELViewControllerViloesiPad.h; path = "Versus?/MELViewControllerViloesiPad.h"; sourceTree = "<group>"; };
		34ABFE18199D4FD400E29175 /* MELViewControllerViloesiPad.m */ = {isa = PBXFileReference; fileEncoding = 4; lastKnownFileType = sourcecode.c.objc; name = MELViewControllerViloesiPad.m; path = "Versus?/MELViewControllerViloesiPad.m"; sourceTree = "<group>"; };
		34ABFE19199D4FD400E29175 /* MELViewControllerViloesiPad.xib */ = {isa = PBXFileReference; fileEncoding = 4; lastKnownFileType = file.xib; name = MELViewControllerViloesiPad.xib; path = "Versus?/MELViewControllerViloesiPad.xib"; sourceTree = "<group>"; };
		34ABFE1C199D4FF200E29175 /* MELViewControllerHeroisiPad.h */ = {isa = PBXFileReference; fileEncoding = 4; lastKnownFileType = sourcecode.c.h; path = MELViewControllerHeroisiPad.h; sourceTree = "<group>"; };
		34ABFE1D199D4FF200E29175 /* MELViewControllerHeroisiPad.m */ = {isa = PBXFileReference; fileEncoding = 4; lastKnownFileType = sourcecode.c.objc; path = MELViewControllerHeroisiPad.m; sourceTree = "<group>"; };
		34ABFE1E199D4FF200E29175 /* MELViewControllerHeroisiPad.xib */ = {isa = PBXFileReference; fileEncoding = 4; lastKnownFileType = file.xib; path = MELViewControllerHeroisiPad.xib; sourceTree = "<group>"; };
		34ABFE21199D501100E29175 /* MELViewControllerPerfiliPad.h */ = {isa = PBXFileReference; fileEncoding = 4; lastKnownFileType = sourcecode.c.h; path = MELViewControllerPerfiliPad.h; sourceTree = "<group>"; };
		34ABFE22199D501100E29175 /* MELViewControllerPerfiliPad.m */ = {isa = PBXFileReference; fileEncoding = 4; lastKnownFileType = sourcecode.c.objc; path = MELViewControllerPerfiliPad.m; sourceTree = "<group>"; };
		34ABFE23199D501100E29175 /* MELViewControllerPerfiliPad.xib */ = {isa = PBXFileReference; fileEncoding = 4; lastKnownFileType = file.xib; path = MELViewControllerPerfiliPad.xib; sourceTree = "<group>"; };
		34E0F6A5199A9C5D005A1FD0 /* Versus?.app */ = {isa = PBXFileReference; explicitFileType = wrapper.application; includeInIndex = 0; path = "Versus?.app"; sourceTree = BUILT_PRODUCTS_DIR; };
		34E0F6A8199A9C5D005A1FD0 /* Foundation.framework */ = {isa = PBXFileReference; lastKnownFileType = wrapper.framework; name = Foundation.framework; path = System/Library/Frameworks/Foundation.framework; sourceTree = SDKROOT; };
		34E0F6AA199A9C5D005A1FD0 /* CoreGraphics.framework */ = {isa = PBXFileReference; lastKnownFileType = wrapper.framework; name = CoreGraphics.framework; path = System/Library/Frameworks/CoreGraphics.framework; sourceTree = SDKROOT; };
		34E0F6AC199A9C5D005A1FD0 /* UIKit.framework */ = {isa = PBXFileReference; lastKnownFileType = wrapper.framework; name = UIKit.framework; path = System/Library/Frameworks/UIKit.framework; sourceTree = SDKROOT; };
		34E0F6B0199A9C5D005A1FD0 /* Versus?-Info.plist */ = {isa = PBXFileReference; lastKnownFileType = text.plist.xml; path = "Versus?-Info.plist"; sourceTree = "<group>"; };
		34E0F6B2199A9C5D005A1FD0 /* en */ = {isa = PBXFileReference; lastKnownFileType = text.plist.strings; name = en; path = en.lproj/InfoPlist.strings; sourceTree = "<group>"; };
		34E0F6B4199A9C5D005A1FD0 /* main.m */ = {isa = PBXFileReference; lastKnownFileType = sourcecode.c.objc; path = main.m; sourceTree = "<group>"; };
		34E0F6B6199A9C5D005A1FD0 /* Versus?-Prefix.pch */ = {isa = PBXFileReference; lastKnownFileType = sourcecode.c.h; path = "Versus?-Prefix.pch"; sourceTree = "<group>"; };
		34E0F6B7199A9C5D005A1FD0 /* MELAppDelegate.h */ = {isa = PBXFileReference; lastKnownFileType = sourcecode.c.h; path = MELAppDelegate.h; sourceTree = "<group>"; };
		34E0F6B8199A9C5D005A1FD0 /* MELAppDelegate.m */ = {isa = PBXFileReference; lastKnownFileType = sourcecode.c.objc; path = MELAppDelegate.m; sourceTree = "<group>"; };
		34E0F6BA199A9C5D005A1FD0 /* Images.xcassets */ = {isa = PBXFileReference; lastKnownFileType = folder.assetcatalog; path = Images.xcassets; sourceTree = "<group>"; };
		34E0F6C0199A9C5D005A1FD0 /* Versus?Tests.xctest */ = {isa = PBXFileReference; explicitFileType = wrapper.cfbundle; includeInIndex = 0; path = "Versus?Tests.xctest"; sourceTree = BUILT_PRODUCTS_DIR; };
		34E0F6C1199A9C5D005A1FD0 /* XCTest.framework */ = {isa = PBXFileReference; lastKnownFileType = wrapper.framework; name = XCTest.framework; path = Library/Frameworks/XCTest.framework; sourceTree = DEVELOPER_DIR; };
		34E0F6C9199A9C5D005A1FD0 /* Versus?Tests-Info.plist */ = {isa = PBXFileReference; lastKnownFileType = text.plist.xml; path = "Versus?Tests-Info.plist"; sourceTree = "<group>"; };
		34E0F6CB199A9C5D005A1FD0 /* en */ = {isa = PBXFileReference; lastKnownFileType = text.plist.strings; name = en; path = en.lproj/InfoPlist.strings; sourceTree = "<group>"; };
		34E0F6CD199A9C5D005A1FD0 /* Versus_Tests.m */ = {isa = PBXFileReference; lastKnownFileType = sourcecode.c.objc; path = Versus_Tests.m; sourceTree = "<group>"; };
		34E0F6D7199A9C8F005A1FD0 /* MELViewControllerMenu.h */ = {isa = PBXFileReference; fileEncoding = 4; lastKnownFileType = sourcecode.c.h; path = MELViewControllerMenu.h; sourceTree = "<group>"; };
		34E0F6D8199A9C8F005A1FD0 /* MELViewControllerMenu.m */ = {isa = PBXFileReference; fileEncoding = 4; lastKnownFileType = sourcecode.c.objc; path = MELViewControllerMenu.m; sourceTree = "<group>"; };
		34E0F6D9199A9C8F005A1FD0 /* MELViewControllerMenu.xib */ = {isa = PBXFileReference; fileEncoding = 4; lastKnownFileType = file.xib; path = MELViewControllerMenu.xib; sourceTree = "<group>"; };
		34E0F6EA199A9FF1005A1FD0 /* MELViewControllerCategoria.h */ = {isa = PBXFileReference; fileEncoding = 4; lastKnownFileType = sourcecode.c.h; path = MELViewControllerCategoria.h; sourceTree = "<group>"; };
		34E0F6EB199A9FF1005A1FD0 /* MELViewControllerCategoria.m */ = {isa = PBXFileReference; fileEncoding = 4; lastKnownFileType = sourcecode.c.objc; path = MELViewControllerCategoria.m; sourceTree = "<group>"; };
		34E0F6EC199A9FF1005A1FD0 /* MELViewControllerCategoria.xib */ = {isa = PBXFileReference; fileEncoding = 4; lastKnownFileType = file.xib; path = MELViewControllerCategoria.xib; sourceTree = "<group>"; };
		34E0F6F3199AA3E9005A1FD0 /* herois.plist */ = {isa = PBXFileReference; fileEncoding = 4; lastKnownFileType = text.plist.xml; name = herois.plist; path = Perguntas/herois.plist; sourceTree = "<group>"; };
		34E0F6F4199AA3E9005A1FD0 /* viloes.plist */ = {isa = PBXFileReference; fileEncoding = 4; lastKnownFileType = text.plist.xml; name = viloes.plist; path = Perguntas/viloes.plist; sourceTree = "<group>"; };
		34E0F6F8199AA4C2005A1FD0 /* MELViewControllerViloes.h */ = {isa = PBXFileReference; fileEncoding = 4; lastKnownFileType = sourcecode.c.h; path = MELViewControllerViloes.h; sourceTree = "<group>"; };
		34E0F6F9199AA4C2005A1FD0 /* MELViewControllerViloes.m */ = {isa = PBXFileReference; fileEncoding = 4; lastKnownFileType = sourcecode.c.objc; path = MELViewControllerViloes.m; sourceTree = "<group>"; };
		34E0F6FA199AA4C2005A1FD0 /* MELViewControllerViloes.xib */ = {isa = PBXFileReference; fileEncoding = 4; lastKnownFileType = file.xib; path = MELViewControllerViloes.xib; sourceTree = "<group>"; };
		34E0F6FD199AA4E3005A1FD0 /* MELViewControllerHerois.h */ = {isa = PBXFileReference; fileEncoding = 4; lastKnownFileType = sourcecode.c.h; path = MELViewControllerHerois.h; sourceTree = "<group>"; };
		34E0F6FE199AA4E3005A1FD0 /* MELViewControllerHerois.m */ = {isa = PBXFileReference; fileEncoding = 4; lastKnownFileType = sourcecode.c.objc; path = MELViewControllerHerois.m; sourceTree = "<group>"; };
		34E0F6FF199AA4E3005A1FD0 /* MELViewControllerHerois.xib */ = {isa = PBXFileReference; fileEncoding = 4; lastKnownFileType = file.xib; path = MELViewControllerHerois.xib; sourceTree = "<group>"; };
		34FDFEC0199BD9E800627E26 /* AVFoundation.framework */ = {isa = PBXFileReference; lastKnownFileType = wrapper.framework; name = AVFoundation.framework; path = System/Library/Frameworks/AVFoundation.framework; sourceTree = SDKROOT; };
		6DAED63B19A3DD9D00763378 /* CustomActionSheet.h */ = {isa = PBXFileReference; fileEncoding = 4; lastKnownFileType = sourcecode.c.h; path = CustomActionSheet.h; sourceTree = "<group>"; };
		6DAED63C19A3DD9D00763378 /* CustomActionSheet.m */ = {isa = PBXFileReference; fileEncoding = 4; lastKnownFileType = sourcecode.c.objc; path = CustomActionSheet.m; sourceTree = "<group>"; };
		6DDA412619E46D85007B2BF1 /* music.m4a */ = {isa = PBXFileReference; lastKnownFileType = file; path = music.m4a; sourceTree = "<group>"; };
		6DDA412819E46F00007B2BF1 /* heroi.m4a */ = {isa = PBXFileReference; lastKnownFileType = file; path = heroi.m4a; sourceTree = "<group>"; };
		6DDA412A19E46F19007B2BF1 /* categoria.m4a */ = {isa = PBXFileReference; lastKnownFileType = file; path = categoria.m4a; sourceTree = "<group>"; };
		6DDA412C19E46F36007B2BF1 /* vilao.m4a */ = {isa = PBXFileReference; lastKnownFileType = file; path = vilao.m4a; sourceTree = "<group>"; };
		6DE5E81719AD243200F5F9A0 /* GC Saturado.png */ = {isa = PBXFileReference; lastKnownFileType = image.png; path = "GC Saturado.png"; sourceTree = "<group>"; };
		6DE5E81919AD244100F5F9A0 /* Game-Center2.png */ = {isa = PBXFileReference; lastKnownFileType = image.png; path = "Game-Center2.png"; sourceTree = "<group>"; };
		A95ADF4219ABB2E200513C42 /* QuartzCore.framework */ = {isa = PBXFileReference; lastKnownFileType = wrapper.framework; name = QuartzCore.framework; path = System/Library/Frameworks/QuartzCore.framework; sourceTree = SDKROOT; };
		A9C9102319E863CC008AC7CE /* LogoVS.png */ = {isa = PBXFileReference; lastKnownFileType = image.png; name = LogoVS.png; path = Imagens/LogoVS.png; sourceTree = "<group>"; };
		A9CE717F19F8286F00DBDA69 /* musicaVersus.m4a */ = {isa = PBXFileReference; lastKnownFileType = file; path = musicaVersus.m4a; sourceTree = "<group>"; };
		A9D94E6319AE533600B28EA3 /* CPTGraphHostingView.h */ = {isa = PBXFileReference; fileEncoding = 4; lastKnownFileType = sourcecode.c.h; path = CPTGraphHostingView.h; sourceTree = "<group>"; };
		A9D94E6619AE533600B28EA3 /* CPTPlatformSpecificCategories.h */ = {isa = PBXFileReference; fileEncoding = 4; lastKnownFileType = sourcecode.c.h; path = CPTPlatformSpecificCategories.h; sourceTree = "<group>"; };
		A9D94E6819AE533600B28EA3 /* CPTPlatformSpecificDefines.h */ = {isa = PBXFileReference; fileEncoding = 4; lastKnownFileType = sourcecode.c.h; path = CPTPlatformSpecificDefines.h; sourceTree = "<group>"; };
		A9D94E6A19AE533600B28EA3 /* CPTPlatformSpecificFunctions.h */ = {isa = PBXFileReference; fileEncoding = 4; lastKnownFileType = sourcecode.c.h; path = CPTPlatformSpecificFunctions.h; sourceTree = "<group>"; };
		A9D94E6C19AE533600B28EA3 /* CPTTextStylePlatformSpecific.h */ = {isa = PBXFileReference; fileEncoding = 4; lastKnownFileType = sourcecode.c.h; path = CPTTextStylePlatformSpecific.h; sourceTree = "<group>"; };
		A9D94E7419AE565100B28EA3 /* libCorePlot-CocoaTouch.a */ = {isa = PBXFileReference; lastKnownFileType = archive.ar; path = "libCorePlot-CocoaTouch.a"; sourceTree = "<group>"; };
		A9D94FD019AE577700B28EA3 /* CorePlot-CocoaTouch.h */ = {isa = PBXFileReference; fileEncoding = 4; lastKnownFileType = sourcecode.c.h; path = "CorePlot-CocoaTouch.h"; sourceTree = "<group>"; };
		A9D9513219AE59EA00B28EA3 /* _CPTAnimationCGFloatPeriod.h */ = {isa = PBXFileReference; fileEncoding = 4; lastKnownFileType = sourcecode.c.h; path = _CPTAnimationCGFloatPeriod.h; sourceTree = "<group>"; };
		A9D9513419AE59EA00B28EA3 /* _CPTAnimationCGPointPeriod.h */ = {isa = PBXFileReference; fileEncoding = 4; lastKnownFileType = sourcecode.c.h; path = _CPTAnimationCGPointPeriod.h; sourceTree = "<group>"; };
		A9D9513619AE59EA00B28EA3 /* _CPTAnimationCGRectPeriod.h */ = {isa = PBXFileReference; fileEncoding = 4; lastKnownFileType = sourcecode.c.h; path = _CPTAnimationCGRectPeriod.h; sourceTree = "<group>"; };
		A9D9513819AE59EA00B28EA3 /* _CPTAnimationCGSizePeriod.h */ = {isa = PBXFileReference; fileEncoding = 4; lastKnownFileType = sourcecode.c.h; path = _CPTAnimationCGSizePeriod.h; sourceTree = "<group>"; };
		A9D9513A19AE59EA00B28EA3 /* _CPTAnimationNSDecimalPeriod.h */ = {isa = PBXFileReference; fileEncoding = 4; lastKnownFileType = sourcecode.c.h; path = _CPTAnimationNSDecimalPeriod.h; sourceTree = "<group>"; };
		A9D9513C19AE59EA00B28EA3 /* _CPTAnimationPlotRangePeriod.h */ = {isa = PBXFileReference; fileEncoding = 4; lastKnownFileType = sourcecode.c.h; path = _CPTAnimationPlotRangePeriod.h; sourceTree = "<group>"; };
		A9D9513E19AE59EA00B28EA3 /* _CPTAnimationTimingFunctions.h */ = {isa = PBXFileReference; fileEncoding = 4; lastKnownFileType = sourcecode.c.h; path = _CPTAnimationTimingFunctions.h; sourceTree = "<group>"; };
		A9D9514019AE59EA00B28EA3 /* _CPTBorderLayer.h */ = {isa = PBXFileReference; fileEncoding = 4; lastKnownFileType = sourcecode.c.h; path = _CPTBorderLayer.h; sourceTree = "<group>"; };
		A9D9514219AE59EA00B28EA3 /* _CPTConstraintsFixed.h */ = {isa = PBXFileReference; fileEncoding = 4; lastKnownFileType = sourcecode.c.h; path = _CPTConstraintsFixed.h; sourceTree = "<group>"; };
		A9D9514419AE59EA00B28EA3 /* _CPTConstraintsRelative.h */ = {isa = PBXFileReference; fileEncoding = 4; lastKnownFileType = sourcecode.c.h; path = _CPTConstraintsRelative.h; sourceTree = "<group>"; };
		A9D9514619AE59EA00B28EA3 /* _CPTDarkGradientTheme.h */ = {isa = PBXFileReference; fileEncoding = 4; lastKnownFileType = sourcecode.c.h; path = _CPTDarkGradientTheme.h; sourceTree = "<group>"; };
		A9D9514819AE59EA00B28EA3 /* _CPTFillColor.h */ = {isa = PBXFileReference; fileEncoding = 4; lastKnownFileType = sourcecode.c.h; path = _CPTFillColor.h; sourceTree = "<group>"; };
		A9D9514A19AE59EA00B28EA3 /* _CPTFillGradient.h */ = {isa = PBXFileReference; fileEncoding = 4; lastKnownFileType = sourcecode.c.h; path = _CPTFillGradient.h; sourceTree = "<group>"; };
		A9D9514C19AE59EA00B28EA3 /* _CPTFillImage.h */ = {isa = PBXFileReference; fileEncoding = 4; lastKnownFileType = sourcecode.c.h; path = _CPTFillImage.h; sourceTree = "<group>"; };
		A9D9514E19AE59EA00B28EA3 /* _CPTMaskLayer.h */ = {isa = PBXFileReference; fileEncoding = 4; lastKnownFileType = sourcecode.c.h; path = _CPTMaskLayer.h; sourceTree = "<group>"; };
		A9D9515019AE59EA00B28EA3 /* _CPTPlainBlackTheme.h */ = {isa = PBXFileReference; fileEncoding = 4; lastKnownFileType = sourcecode.c.h; path = _CPTPlainBlackTheme.h; sourceTree = "<group>"; };
		A9D9515219AE59EA00B28EA3 /* _CPTPlainWhiteTheme.h */ = {isa = PBXFileReference; fileEncoding = 4; lastKnownFileType = sourcecode.c.h; path = _CPTPlainWhiteTheme.h; sourceTree = "<group>"; };
		A9D9515419AE59EA00B28EA3 /* _CPTSlateTheme.h */ = {isa = PBXFileReference; fileEncoding = 4; lastKnownFileType = sourcecode.c.h; path = _CPTSlateTheme.h; sourceTree = "<group>"; };
		A9D9515619AE59EA00B28EA3 /* _CPTStocksTheme.h */ = {isa = PBXFileReference; fileEncoding = 4; lastKnownFileType = sourcecode.c.h; path = _CPTStocksTheme.h; sourceTree = "<group>"; };
		A9D9515819AE59EA00B28EA3 /* _CPTXYTheme.h */ = {isa = PBXFileReference; fileEncoding = 4; lastKnownFileType = sourcecode.c.h; path = _CPTXYTheme.h; sourceTree = "<group>"; };
		A9D9515A19AE59EA00B28EA3 /* CPTAnimation.h */ = {isa = PBXFileReference; fileEncoding = 4; lastKnownFileType = sourcecode.c.h; path = CPTAnimation.h; sourceTree = "<group>"; };
		A9D9515C19AE59EA00B28EA3 /* CPTAnimationOperation.h */ = {isa = PBXFileReference; fileEncoding = 4; lastKnownFileType = sourcecode.c.h; path = CPTAnimationOperation.h; sourceTree = "<group>"; };
		A9D9515E19AE59EA00B28EA3 /* CPTAnimationPeriod.h */ = {isa = PBXFileReference; fileEncoding = 4; lastKnownFileType = sourcecode.c.h; path = CPTAnimationPeriod.h; sourceTree = "<group>"; };
		A9D9516019AE59EA00B28EA3 /* CPTAnnotation.h */ = {isa = PBXFileReference; fileEncoding = 4; lastKnownFileType = sourcecode.c.h; path = CPTAnnotation.h; sourceTree = "<group>"; };
		A9D9516219AE59EA00B28EA3 /* CPTAnnotationHostLayer.h */ = {isa = PBXFileReference; fileEncoding = 4; lastKnownFileType = sourcecode.c.h; path = CPTAnnotationHostLayer.h; sourceTree = "<group>"; };
		A9D9516419AE59EA00B28EA3 /* CPTAxis.h */ = {isa = PBXFileReference; fileEncoding = 4; lastKnownFileType = sourcecode.c.h; path = CPTAxis.h; sourceTree = "<group>"; };
		A9D9516619AE59EA00B28EA3 /* CPTAxisLabel.h */ = {isa = PBXFileReference; fileEncoding = 4; lastKnownFileType = sourcecode.c.h; path = CPTAxisLabel.h; sourceTree = "<group>"; };
		A9D9516819AE59EA00B28EA3 /* CPTAxisLabelGroup.h */ = {isa = PBXFileReference; fileEncoding = 4; lastKnownFileType = sourcecode.c.h; path = CPTAxisLabelGroup.h; sourceTree = "<group>"; };
		A9D9516A19AE59EA00B28EA3 /* CPTAxisLabelTests.h */ = {isa = PBXFileReference; fileEncoding = 4; lastKnownFileType = sourcecode.c.h; path = CPTAxisLabelTests.h; sourceTree = "<group>"; };
		A9D9516C19AE59EA00B28EA3 /* CPTAxisSet.h */ = {isa = PBXFileReference; fileEncoding = 4; lastKnownFileType = sourcecode.c.h; path = CPTAxisSet.h; sourceTree = "<group>"; };
		A9D9516E19AE59EA00B28EA3 /* CPTAxisTitle.h */ = {isa = PBXFileReference; fileEncoding = 4; lastKnownFileType = sourcecode.c.h; path = CPTAxisTitle.h; sourceTree = "<group>"; };
		A9D9517019AE59EA00B28EA3 /* CPTBarPlot.h */ = {isa = PBXFileReference; fileEncoding = 4; lastKnownFileType = sourcecode.c.h; path = CPTBarPlot.h; sourceTree = "<group>"; };
		A9D9517219AE59EA00B28EA3 /* CPTBorderedLayer.h */ = {isa = PBXFileReference; fileEncoding = 4; lastKnownFileType = sourcecode.c.h; path = CPTBorderedLayer.h; sourceTree = "<group>"; };
		A9D9517419AE59EA00B28EA3 /* CPTCalendarFormatter.h */ = {isa = PBXFileReference; fileEncoding = 4; lastKnownFileType = sourcecode.c.h; path = CPTCalendarFormatter.h; sourceTree = "<group>"; };
		A9D9517619AE59EA00B28EA3 /* CPTColor.h */ = {isa = PBXFileReference; fileEncoding = 4; lastKnownFileType = sourcecode.c.h; path = CPTColor.h; sourceTree = "<group>"; };
		A9D9517819AE59EA00B28EA3 /* CPTColorSpace.h */ = {isa = PBXFileReference; fileEncoding = 4; lastKnownFileType = sourcecode.c.h; path = CPTColorSpace.h; sourceTree = "<group>"; };
		A9D9517A19AE59EA00B28EA3 /* CPTColorSpaceTests.h */ = {isa = PBXFileReference; fileEncoding = 4; lastKnownFileType = sourcecode.c.h; path = CPTColorSpaceTests.h; sourceTree = "<group>"; };
		A9D9517C19AE59EA00B28EA3 /* CPTColorTests.h */ = {isa = PBXFileReference; fileEncoding = 4; lastKnownFileType = sourcecode.c.h; path = CPTColorTests.h; sourceTree = "<group>"; };
		A9D9517E19AE59EA00B28EA3 /* CPTConstraints.h */ = {isa = PBXFileReference; fileEncoding = 4; lastKnownFileType = sourcecode.c.h; path = CPTConstraints.h; sourceTree = "<group>"; };
		A9D9518019AE59EA00B28EA3 /* CPTDarkGradientThemeTests.h */ = {isa = PBXFileReference; fileEncoding = 4; lastKnownFileType = sourcecode.c.h; path = CPTDarkGradientThemeTests.h; sourceTree = "<group>"; };
		A9D9518219AE59EA00B28EA3 /* CPTDataSourceTestCase.h */ = {isa = PBXFileReference; fileEncoding = 4; lastKnownFileType = sourcecode.c.h; path = CPTDataSourceTestCase.h; sourceTree = "<group>"; };
		A9D9518419AE59EA00B28EA3 /* CPTDefinitions.h */ = {isa = PBXFileReference; fileEncoding = 4; lastKnownFileType = sourcecode.c.h; path = CPTDefinitions.h; sourceTree = "<group>"; };
		A9D9518619AE59EA00B28EA3 /* CPTDerivedXYGraph.h */ = {isa = PBXFileReference; fileEncoding = 4; lastKnownFileType = sourcecode.c.h; path = CPTDerivedXYGraph.h; sourceTree = "<group>"; };
		A9D9518819AE59EA00B28EA3 /* CPTExceptions.h */ = {isa = PBXFileReference; fileEncoding = 4; lastKnownFileType = sourcecode.c.h; path = CPTExceptions.h; sourceTree = "<group>"; };
		A9D9518A19AE59EA00B28EA3 /* CPTFill.h */ = {isa = PBXFileReference; fileEncoding = 4; lastKnownFileType = sourcecode.c.h; path = CPTFill.h; sourceTree = "<group>"; };
		A9D9518C19AE59EA00B28EA3 /* CPTFillTests.h */ = {isa = PBXFileReference; fileEncoding = 4; lastKnownFileType = sourcecode.c.h; path = CPTFillTests.h; sourceTree = "<group>"; };
		A9D9518E19AE59EA00B28EA3 /* CPTFunctionDataSource.h */ = {isa = PBXFileReference; fileEncoding = 4; lastKnownFileType = sourcecode.c.h; path = CPTFunctionDataSource.h; sourceTree = "<group>"; };
		A9D9519019AE59EA00B28EA3 /* CPTGradient.h */ = {isa = PBXFileReference; fileEncoding = 4; lastKnownFileType = sourcecode.c.h; path = CPTGradient.h; sourceTree = "<group>"; };
		A9D9519219AE59EA00B28EA3 /* CPTGradientTests.h */ = {isa = PBXFileReference; fileEncoding = 4; lastKnownFileType = sourcecode.c.h; path = CPTGradientTests.h; sourceTree = "<group>"; };
		A9D9519419AE59EA00B28EA3 /* CPTGraph.h */ = {isa = PBXFileReference; fileEncoding = 4; lastKnownFileType = sourcecode.c.h; path = CPTGraph.h; sourceTree = "<group>"; };
		A9D9519619AE59EA00B28EA3 /* CPTGridLineGroup.h */ = {isa = PBXFileReference; fileEncoding = 4; lastKnownFileType = sourcecode.c.h; path = CPTGridLineGroup.h; sourceTree = "<group>"; };
		A9D9519819AE59EA00B28EA3 /* CPTGridLines.h */ = {isa = PBXFileReference; fileEncoding = 4; lastKnownFileType = sourcecode.c.h; path = CPTGridLines.h; sourceTree = "<group>"; };
		A9D9519A19AE59EA00B28EA3 /* CPTImage.h */ = {isa = PBXFileReference; fileEncoding = 4; lastKnownFileType = sourcecode.c.h; path = CPTImage.h; sourceTree = "<group>"; };
		A9D9519C19AE59EA00B28EA3 /* CPTImageTests.h */ = {isa = PBXFileReference; fileEncoding = 4; lastKnownFileType = sourcecode.c.h; path = CPTImageTests.h; sourceTree = "<group>"; };
		A9D9519E19AE59EB00B28EA3 /* CPTLayer.h */ = {isa = PBXFileReference; fileEncoding = 4; lastKnownFileType = sourcecode.c.h; path = CPTLayer.h; sourceTree = "<group>"; };
		A9D951A019AE59EB00B28EA3 /* CPTLayerAnnotation.h */ = {isa = PBXFileReference; fileEncoding = 4; lastKnownFileType = sourcecode.c.h; path = CPTLayerAnnotation.h; sourceTree = "<group>"; };
		A9D951A219AE59EB00B28EA3 /* CPTLayerTests.h */ = {isa = PBXFileReference; fileEncoding = 4; lastKnownFileType = sourcecode.c.h; path = CPTLayerTests.h; sourceTree = "<group>"; };
		A9D951A419AE59EB00B28EA3 /* CPTLegend.h */ = {isa = PBXFileReference; fileEncoding = 4; lastKnownFileType = sourcecode.c.h; path = CPTLegend.h; sourceTree = "<group>"; };
		A9D951A619AE59EB00B28EA3 /* CPTLegendEntry.h */ = {isa = PBXFileReference; fileEncoding = 4; lastKnownFileType = sourcecode.c.h; path = CPTLegendEntry.h; sourceTree = "<group>"; };
		A9D951A819AE59EB00B28EA3 /* CPTLimitBand.h */ = {isa = PBXFileReference; fileEncoding = 4; lastKnownFileType = sourcecode.c.h; path = CPTLimitBand.h; sourceTree = "<group>"; };
		A9D951AA19AE59EB00B28EA3 /* CPTLineCap.h */ = {isa = PBXFileReference; fileEncoding = 4; lastKnownFileType = sourcecode.c.h; path = CPTLineCap.h; sourceTree = "<group>"; };
		A9D951AC19AE59EB00B28EA3 /* CPTLineStyle.h */ = {isa = PBXFileReference; fileEncoding = 4; lastKnownFileType = sourcecode.c.h; path = CPTLineStyle.h; sourceTree = "<group>"; };
		A9D951AE19AE59EB00B28EA3 /* CPTLineStyleTests.h */ = {isa = PBXFileReference; fileEncoding = 4; lastKnownFileType = sourcecode.c.h; path = CPTLineStyleTests.h; sourceTree = "<group>"; };
		A9D951B019AE59EB00B28EA3 /* CPTMutableLineStyle.h */ = {isa = PBXFileReference; fileEncoding = 4; lastKnownFileType = sourcecode.c.h; path = CPTMutableLineStyle.h; sourceTree = "<group>"; };
		A9D951B219AE59EB00B28EA3 /* CPTMutableNumericData+TypeConversion.h */ = {isa = PBXFileReference; fileEncoding = 4; lastKnownFileType = sourcecode.c.h; path = "CPTMutableNumericData+TypeConversion.h"; sourceTree = "<group>"; };
		A9D951B419AE59EB00B28EA3 /* CPTMutableNumericData.h */ = {isa = PBXFileReference; fileEncoding = 4; lastKnownFileType = sourcecode.c.h; path = CPTMutableNumericData.h; sourceTree = "<group>"; };
		A9D951B619AE59EB00B28EA3 /* CPTMutableNumericDataTests.h */ = {isa = PBXFileReference; fileEncoding = 4; lastKnownFileType = sourcecode.c.h; path = CPTMutableNumericDataTests.h; sourceTree = "<group>"; };
		A9D951B819AE59EB00B28EA3 /* CPTMutableNumericDataTypeConversionTests.h */ = {isa = PBXFileReference; fileEncoding = 4; lastKnownFileType = sourcecode.c.h; path = CPTMutableNumericDataTypeConversionTests.h; sourceTree = "<group>"; };
		A9D951BA19AE59EB00B28EA3 /* CPTMutablePlotRange.h */ = {isa = PBXFileReference; fileEncoding = 4; lastKnownFileType = sourcecode.c.h; path = CPTMutablePlotRange.h; sourceTree = "<group>"; };
		A9D951BC19AE59EB00B28EA3 /* CPTMutableShadow.h */ = {isa = PBXFileReference; fileEncoding = 4; lastKnownFileType = sourcecode.c.h; path = CPTMutableShadow.h; sourceTree = "<group>"; };
		A9D951BE19AE59EB00B28EA3 /* CPTMutableTextStyle.h */ = {isa = PBXFileReference; fileEncoding = 4; lastKnownFileType = sourcecode.c.h; path = CPTMutableTextStyle.h; sourceTree = "<group>"; };
		A9D951C019AE59EB00B28EA3 /* CPTNumericData+TypeConversion.h */ = {isa = PBXFileReference; fileEncoding = 4; lastKnownFileType = sourcecode.c.h; path = "CPTNumericData+TypeConversion.h"; sourceTree = "<group>"; };
		A9D951C219AE59EB00B28EA3 /* CPTNumericData+TypeConversions_Generation.py */ = {isa = PBXFileReference; fileEncoding = 4; lastKnownFileType = text.script.python; path = "CPTNumericData+TypeConversions_Generation.py"; sourceTree = "<group>"; };
		A9D951C319AE59EB00B28EA3 /* CPTNumericData.h */ = {isa = PBXFileReference; fileEncoding = 4; lastKnownFileType = sourcecode.c.h; path = CPTNumericData.h; sourceTree = "<group>"; };
		A9D951C519AE59EB00B28EA3 /* CPTNumericDataTests.h */ = {isa = PBXFileReference; fileEncoding = 4; lastKnownFileType = sourcecode.c.h; path = CPTNumericDataTests.h; sourceTree = "<group>"; };
		A9D951C719AE59EB00B28EA3 /* CPTNumericDataType.h */ = {isa = PBXFileReference; fileEncoding = 4; lastKnownFileType = sourcecode.c.h; path = CPTNumericDataType.h; sourceTree = "<group>"; };
		A9D951C919AE59EB00B28EA3 /* CPTNumericDataTypeConversionPerformanceTests.h */ = {isa = PBXFileReference; fileEncoding = 4; lastKnownFileType = sourcecode.c.h; path = CPTNumericDataTypeConversionPerformanceTests.h; sourceTree = "<group>"; };
		A9D951CB19AE59EB00B28EA3 /* CPTNumericDataTypeConversionTests.h */ = {isa = PBXFileReference; fileEncoding = 4; lastKnownFileType = sourcecode.c.h; path = CPTNumericDataTypeConversionTests.h; sourceTree = "<group>"; };
		A9D951CD19AE59EB00B28EA3 /* CPTPathExtensions.h */ = {isa = PBXFileReference; fileEncoding = 4; lastKnownFileType = sourcecode.c.h; path = CPTPathExtensions.h; sourceTree = "<group>"; };
		A9D951CF19AE59EB00B28EA3 /* CPTPieChart.h */ = {isa = PBXFileReference; fileEncoding = 4; lastKnownFileType = sourcecode.c.h; path = CPTPieChart.h; sourceTree = "<group>"; };
		A9D951D119AE59EB00B28EA3 /* CPTPlot.h */ = {isa = PBXFileReference; fileEncoding = 4; lastKnownFileType = sourcecode.c.h; path = CPTPlot.h; sourceTree = "<group>"; };
		A9D951D319AE59EB00B28EA3 /* CPTPlotArea.h */ = {isa = PBXFileReference; fileEncoding = 4; lastKnownFileType = sourcecode.c.h; path = CPTPlotArea.h; sourceTree = "<group>"; };
		A9D951D519AE59EB00B28EA3 /* CPTPlotAreaFrame.h */ = {isa = PBXFileReference; fileEncoding = 4; lastKnownFileType = sourcecode.c.h; path = CPTPlotAreaFrame.h; sourceTree = "<group>"; };
		A9D951D719AE59EB00B28EA3 /* CPTPlotGroup.h */ = {isa = PBXFileReference; fileEncoding = 4; lastKnownFileType = sourcecode.c.h; path = CPTPlotGroup.h; sourceTree = "<group>"; };
		A9D951D919AE59EB00B28EA3 /* CPTPlotRange.h */ = {isa = PBXFileReference; fileEncoding = 4; lastKnownFileType = sourcecode.c.h; path = CPTPlotRange.h; sourceTree = "<group>"; };
		A9D951DB19AE59EB00B28EA3 /* CPTPlotRangeTests.h */ = {isa = PBXFileReference; fileEncoding = 4; lastKnownFileType = sourcecode.c.h; path = CPTPlotRangeTests.h; sourceTree = "<group>"; };
		A9D951DD19AE59EB00B28EA3 /* CPTPlotSpace.h */ = {isa = PBXFileReference; fileEncoding = 4; lastKnownFileType = sourcecode.c.h; path = CPTPlotSpace.h; sourceTree = "<group>"; };
		A9D951DF19AE59EB00B28EA3 /* CPTPlotSpaceAnnotation.h */ = {isa = PBXFileReference; fileEncoding = 4; lastKnownFileType = sourcecode.c.h; path = CPTPlotSpaceAnnotation.h; sourceTree = "<group>"; };
		A9D951E119AE59EB00B28EA3 /* CPTPlotSpaceTests.h */ = {isa = PBXFileReference; fileEncoding = 4; lastKnownFileType = sourcecode.c.h; path = CPTPlotSpaceTests.h; sourceTree = "<group>"; };
		A9D951E319AE59EB00B28EA3 /* CPTPlotSymbol.h */ = {isa = PBXFileReference; fileEncoding = 4; lastKnownFileType = sourcecode.c.h; path = CPTPlotSymbol.h; sourceTree = "<group>"; };
		A9D951E519AE59EB00B28EA3 /* CPTRangePlot.h */ = {isa = PBXFileReference; fileEncoding = 4; lastKnownFileType = sourcecode.c.h; path = CPTRangePlot.h; sourceTree = "<group>"; };
		A9D951E719AE59EB00B28EA3 /* CPTResponder.h */ = {isa = PBXFileReference; fileEncoding = 4; lastKnownFileType = sourcecode.c.h; path = CPTResponder.h; sourceTree = "<group>"; };
		A9D951E819AE59EB00B28EA3 /* CPTScatterPlot.h */ = {isa = PBXFileReference; fileEncoding = 4; lastKnownFileType = sourcecode.c.h; path = CPTScatterPlot.h; sourceTree = "<group>"; };
		A9D951EA19AE59EB00B28EA3 /* CPTScatterPlotTests.h */ = {isa = PBXFileReference; fileEncoding = 4; lastKnownFileType = sourcecode.c.h; path = CPTScatterPlotTests.h; sourceTree = "<group>"; };
		A9D951EC19AE59EB00B28EA3 /* CPTShadow.h */ = {isa = PBXFileReference; fileEncoding = 4; lastKnownFileType = sourcecode.c.h; path = CPTShadow.h; sourceTree = "<group>"; };
		A9D951EE19AE59EB00B28EA3 /* CPTTestCase.h */ = {isa = PBXFileReference; fileEncoding = 4; lastKnownFileType = sourcecode.c.h; path = CPTTestCase.h; sourceTree = "<group>"; };
		A9D951F019AE59EB00B28EA3 /* CPTTextLayer.h */ = {isa = PBXFileReference; fileEncoding = 4; lastKnownFileType = sourcecode.c.h; path = CPTTextLayer.h; sourceTree = "<group>"; };
		A9D951F219AE59EB00B28EA3 /* CPTTextStyle.h */ = {isa = PBXFileReference; fileEncoding = 4; lastKnownFileType = sourcecode.c.h; path = CPTTextStyle.h; sourceTree = "<group>"; };
		A9D951F419AE59EB00B28EA3 /* CPTTextStyleTests.h */ = {isa = PBXFileReference; fileEncoding = 4; lastKnownFileType = sourcecode.c.h; path = CPTTextStyleTests.h; sourceTree = "<group>"; };
		A9D951F619AE59EB00B28EA3 /* CPTTheme.h */ = {isa = PBXFileReference; fileEncoding = 4; lastKnownFileType = sourcecode.c.h; path = CPTTheme.h; sourceTree = "<group>"; };
		A9D951F819AE59EB00B28EA3 /* CPTThemeTests.h */ = {isa = PBXFileReference; fileEncoding = 4; lastKnownFileType = sourcecode.c.h; path = CPTThemeTests.h; sourceTree = "<group>"; };
		A9D951FA19AE59EB00B28EA3 /* CPTTimeFormatter.h */ = {isa = PBXFileReference; fileEncoding = 4; lastKnownFileType = sourcecode.c.h; path = CPTTimeFormatter.h; sourceTree = "<group>"; };
		A9D951FC19AE59EB00B28EA3 /* CPTTimeFormatterTests.h */ = {isa = PBXFileReference; fileEncoding = 4; lastKnownFileType = sourcecode.c.h; path = CPTTimeFormatterTests.h; sourceTree = "<group>"; };
		A9D951FE19AE59EB00B28EA3 /* CPTTradingRangePlot.h */ = {isa = PBXFileReference; fileEncoding = 4; lastKnownFileType = sourcecode.c.h; path = CPTTradingRangePlot.h; sourceTree = "<group>"; };
		A9D9520019AE59EB00B28EA3 /* CPTUtilities.h */ = {isa = PBXFileReference; fileEncoding = 4; lastKnownFileType = sourcecode.c.h; path = CPTUtilities.h; sourceTree = "<group>"; };
		A9D9520219AE59EB00B28EA3 /* CPTUtilitiesTests.h */ = {isa = PBXFileReference; fileEncoding = 4; lastKnownFileType = sourcecode.c.h; path = CPTUtilitiesTests.h; sourceTree = "<group>"; };
		A9D9520419AE59EB00B28EA3 /* CPTXYAxis.h */ = {isa = PBXFileReference; fileEncoding = 4; lastKnownFileType = sourcecode.c.h; path = CPTXYAxis.h; sourceTree = "<group>"; };
		A9D9520619AE59EB00B28EA3 /* CPTXYAxisSet.h */ = {isa = PBXFileReference; fileEncoding = 4; lastKnownFileType = sourcecode.c.h; path = CPTXYAxisSet.h; sourceTree = "<group>"; };
		A9D9520819AE59EB00B28EA3 /* CPTXYGraph.h */ = {isa = PBXFileReference; fileEncoding = 4; lastKnownFileType = sourcecode.c.h; path = CPTXYGraph.h; sourceTree = "<group>"; };
		A9D9520A19AE59EB00B28EA3 /* CPTXYPlotSpace.h */ = {isa = PBXFileReference; fileEncoding = 4; lastKnownFileType = sourcecode.c.h; path = CPTXYPlotSpace.h; sourceTree = "<group>"; };
		A9D9520C19AE59EB00B28EA3 /* CPTXYPlotSpaceTests.h */ = {isa = PBXFileReference; fileEncoding = 4; lastKnownFileType = sourcecode.c.h; path = CPTXYPlotSpaceTests.h; sourceTree = "<group>"; };
		A9D9520E19AE59EB00B28EA3 /* license.txt */ = {isa = PBXFileReference; fileEncoding = 4; lastKnownFileType = text; path = license.txt; sourceTree = "<group>"; };
		A9D9520F19AE59EB00B28EA3 /* mainpage.h */ = {isa = PBXFileReference; fileEncoding = 4; lastKnownFileType = sourcecode.c.h; path = mainpage.h; sourceTree = "<group>"; };
		A9D9521019AE59EB00B28EA3 /* NSCoderExtensions.h */ = {isa = PBXFileReference; fileEncoding = 4; lastKnownFileType = sourcecode.c.h; path = NSCoderExtensions.h; sourceTree = "<group>"; };
		A9D9521219AE59EB00B28EA3 /* NSDecimalNumberExtensions.h */ = {isa = PBXFileReference; fileEncoding = 4; lastKnownFileType = sourcecode.c.h; path = NSDecimalNumberExtensions.h; sourceTree = "<group>"; };
		A9D9521419AE59EB00B28EA3 /* NSNumberExtensions.h */ = {isa = PBXFileReference; fileEncoding = 4; lastKnownFileType = sourcecode.c.h; path = NSNumberExtensions.h; sourceTree = "<group>"; };
		A9DF2C7B19E7058C008BDD46 /* BGMenu.png */ = {isa = PBXFileReference; lastKnownFileType = image.png; name = BGMenu.png; path = Imagens/BGMenu.png; sourceTree = "<group>"; };
		A9DF2C7C19E7058C008BDD46 /* BGMenu2.png */ = {isa = PBXFileReference; lastKnownFileType = image.png; name = BGMenu2.png; path = Imagens/BGMenu2.png; sourceTree = "<group>"; };
		A9DF2C7D19E7058C008BDD46 /* BGPerguntas.png */ = {isa = PBXFileReference; lastKnownFileType = image.png; name = BGPerguntas.png; path = Imagens/BGPerguntas.png; sourceTree = "<group>"; };
		A9DF2C7E19E7058C008BDD46 /* Botao.png */ = {isa = PBXFileReference; lastKnownFileType = image.png; name = Botao.png; path = Imagens/Botao.png; sourceTree = "<group>"; };
		A9DF2C8119E7058C008BDD46 /* BotaoJogar.png */ = {isa = PBXFileReference; lastKnownFileType = image.png; name = BotaoJogar.png; path = Imagens/BotaoJogar.png; sourceTree = "<group>"; };
		A9DF2C8219E7058C008BDD46 /* BotaoPerfil.png */ = {isa = PBXFileReference; lastKnownFileType = image.png; name = BotaoPerfil.png; path = Imagens/BotaoPerfil.png; sourceTree = "<group>"; };
		A9DF2C8419E7058C008BDD46 /* Escolhaseulado.png */ = {isa = PBXFileReference; lastKnownFileType = image.png; name = Escolhaseulado.png; path = Imagens/Escolhaseulado.png; sourceTree = "<group>"; };
		A9DF2CDD19E70E6F008BDD46 /* BotaoHeroi.png */ = {isa = PBXFileReference; lastKnownFileType = image.png; name = BotaoHeroi.png; path = Imagens/BotaoHeroi.png; sourceTree = "<group>"; };
		A9DF2CDE19E70E6F008BDD46 /* BotaoVilao.png */ = {isa = PBXFileReference; lastKnownFileType = image.png; name = BotaoVilao.png; path = Imagens/BotaoVilao.png; sourceTree = "<group>"; };
		A9DF2CE119E70F97008BDD46 /* Pergunta.png */ = {isa = PBXFileReference; lastKnownFileType = image.png; name = Pergunta.png; path = Imagens/Pergunta.png; sourceTree = "<group>"; };
		A9DF2CE219E70F97008BDD46 /* Score.png */ = {isa = PBXFileReference; lastKnownFileType = image.png; name = Score.png; path = Imagens/Score.png; sourceTree = "<group>"; };
		A9DF2CE319E70F97008BDD46 /* Tempo.png */ = {isa = PBXFileReference; lastKnownFileType = image.png; name = Tempo.png; path = Imagens/Tempo.png; sourceTree = "<group>"; };
		A9DF2CE419E70F97008BDD46 /* Vida.png */ = {isa = PBXFileReference; lastKnownFileType = image.png; name = Vida.png; path = Imagens/Vida.png; sourceTree = "<group>"; };
/* End PBXFileReference section */

/* Begin PBXFrameworksBuildPhase section */
		34E0F6A2199A9C5D005A1FD0 /* Frameworks */ = {
			isa = PBXFrameworksBuildPhase;
			buildActionMask = 2147483647;
			files = (
				A95ADF4319ABB2E200513C42 /* QuartzCore.framework in Frameworks */,
				34FDFEC1199BD9E800627E26 /* AVFoundation.framework in Frameworks */,
				34E0F6AB199A9C5D005A1FD0 /* CoreGraphics.framework in Frameworks */,
				34E0F6AD199A9C5D005A1FD0 /* UIKit.framework in Frameworks */,
				34E0F6A9199A9C5D005A1FD0 /* Foundation.framework in Frameworks */,
				3466E66119A29F2400CBAB39 /* GameKit.framework in Frameworks */,
				A9D94E7519AE565100B28EA3 /* libCorePlot-CocoaTouch.a in Frameworks */,
			);
			runOnlyForDeploymentPostprocessing = 0;
		};
		34E0F6BD199A9C5D005A1FD0 /* Frameworks */ = {
			isa = PBXFrameworksBuildPhase;
			buildActionMask = 2147483647;
			files = (
				34E0F6C2199A9C5D005A1FD0 /* XCTest.framework in Frameworks */,
				34E0F6C4199A9C5D005A1FD0 /* UIKit.framework in Frameworks */,
				34E0F6C3199A9C5D005A1FD0 /* Foundation.framework in Frameworks */,
			);
			runOnlyForDeploymentPostprocessing = 0;
		};
/* End PBXFrameworksBuildPhase section */

/* Begin PBXGroup section */
		34ABFE08199D4B4D00E29175 /* iPhone */ = {
			isa = PBXGroup;
			children = (
				34E0F6DE199A9CB5005A1FD0 /* xib */,
				34E0F6DD199A9CAE005A1FD0 /* .m */,
				34E0F6DC199A9C99005A1FD0 /* .h */,
			);
			name = iPhone;
			sourceTree = "<group>";
		};
		34ABFE09199D4BD100E29175 /* xib */ = {
			isa = PBXGroup;
			children = (
				34ABFE0F199D4CF200E29175 /* MELViewControllerMenuiPad.xib */,
				34ABFE14199D4FB600E29175 /* MELViewControllerCategoriaiPad.xib */,
				34ABFE19199D4FD400E29175 /* MELViewControllerViloesiPad.xib */,
				34ABFE1E199D4FF200E29175 /* MELViewControllerHeroisiPad.xib */,
				34ABFE23199D501100E29175 /* MELViewControllerPerfiliPad.xib */,
			);
			name = xib;
			sourceTree = "<group>";
		};
		34ABFE0A199D4BD600E29175 /* .m */ = {
			isa = PBXGroup;
			children = (
				34ABFE0E199D4CF200E29175 /* MELViewControllerMenuiPad.m */,
				34ABFE13199D4FB600E29175 /* MELViewControllerCategoriaiPad.m */,
				34ABFE18199D4FD400E29175 /* MELViewControllerViloesiPad.m */,
				34ABFE1D199D4FF200E29175 /* MELViewControllerHeroisiPad.m */,
				34ABFE22199D501100E29175 /* MELViewControllerPerfiliPad.m */,
			);
			name = .m;
			sourceTree = "<group>";
		};
		34ABFE0B199D4BDB00E29175 /* .h */ = {
			isa = PBXGroup;
			children = (
				34ABFE0D199D4CF200E29175 /* MELViewControllerMenuiPad.h */,
				34ABFE12199D4FB600E29175 /* MELViewControllerCategoriaiPad.h */,
				34ABFE17199D4FD400E29175 /* MELViewControllerViloesiPad.h */,
				34ABFE1C199D4FF200E29175 /* MELViewControllerHeroisiPad.h */,
				34ABFE21199D501100E29175 /* MELViewControllerPerfiliPad.h */,
			);
			name = .h;
			sourceTree = "<group>";
		};
		34ABFE0C199D4BE000E29175 /* iPad */ = {
			isa = PBXGroup;
			children = (
				34ABFE0B199D4BDB00E29175 /* .h */,
				34ABFE0A199D4BD600E29175 /* .m */,
				34ABFE09199D4BD100E29175 /* xib */,
			);
			name = iPad;
			sourceTree = "<group>";
		};
		34E0F69C199A9C5D005A1FD0 = {
			isa = PBXGroup;
			children = (
				A9CE717F19F8286F00DBDA69 /* musicaVersus.m4a */,
				34E0F6A7199A9C5D005A1FD0 /* Frameworks */,
				34E0F6F7199AA3F0005A1FD0 /* Perguntas */,
				34E0F6DF199A9CE4005A1FD0 /* imagens */,
				34ABFE08199D4B4D00E29175 /* iPhone */,
				34ABFE0C199D4BE000E29175 /* iPad */,
				34E0F6AE199A9C5D005A1FD0 /* Versus? */,
				34E0F6C7199A9C5D005A1FD0 /* Versus?Tests */,
				A95ADE9E19ABAD7A00513C42 /* CorePlot */,
			);
			sourceTree = "<group>";
		};
		34E0F6A6199A9C5D005A1FD0 /* Products */ = {
			isa = PBXGroup;
			children = (
				34E0F6A5199A9C5D005A1FD0 /* Versus?.app */,
				34E0F6C0199A9C5D005A1FD0 /* Versus?Tests.xctest */,
			);
			name = Products;
			sourceTree = "<group>";
		};
		34E0F6A7199A9C5D005A1FD0 /* Frameworks */ = {
			isa = PBXGroup;
			children = (
				A95ADF4219ABB2E200513C42 /* QuartzCore.framework */,
				3466E66019A29F2400CBAB39 /* GameKit.framework */,
				34FDFEC0199BD9E800627E26 /* AVFoundation.framework */,
				34E0F6A6199A9C5D005A1FD0 /* Products */,
				34E0F6A8199A9C5D005A1FD0 /* Foundation.framework */,
				34E0F6AA199A9C5D005A1FD0 /* CoreGraphics.framework */,
				34E0F6AC199A9C5D005A1FD0 /* UIKit.framework */,
				34E0F6C1199A9C5D005A1FD0 /* XCTest.framework */,
			);
			name = Frameworks;
			sourceTree = "<group>";
		};
		34E0F6AE199A9C5D005A1FD0 /* Versus? */ = {
			isa = PBXGroup;
			children = (
				34E0F6B7199A9C5D005A1FD0 /* MELAppDelegate.h */,
				34E0F6B8199A9C5D005A1FD0 /* MELAppDelegate.m */,
				34E0F6BA199A9C5D005A1FD0 /* Images.xcassets */,
				34E0F6AF199A9C5D005A1FD0 /* Supporting Files */,
			);
			path = "Versus?";
			sourceTree = "<group>";
		};
		34E0F6AF199A9C5D005A1FD0 /* Supporting Files */ = {
			isa = PBXGroup;
			children = (
				34E0F6B0199A9C5D005A1FD0 /* Versus?-Info.plist */,
				34E0F6B1199A9C5D005A1FD0 /* InfoPlist.strings */,
				34E0F6B4199A9C5D005A1FD0 /* main.m */,
				34E0F6B6199A9C5D005A1FD0 /* Versus?-Prefix.pch */,
			);
			name = "Supporting Files";
			sourceTree = "<group>";
		};
		34E0F6C7199A9C5D005A1FD0 /* Versus?Tests */ = {
			isa = PBXGroup;
			children = (
				34E0F6CD199A9C5D005A1FD0 /* Versus_Tests.m */,
				34E0F6C8199A9C5D005A1FD0 /* Supporting Files */,
			);
			path = "Versus?Tests";
			sourceTree = "<group>";
		};
		34E0F6C8199A9C5D005A1FD0 /* Supporting Files */ = {
			isa = PBXGroup;
			children = (
				34E0F6C9199A9C5D005A1FD0 /* Versus?Tests-Info.plist */,
				34E0F6CA199A9C5D005A1FD0 /* InfoPlist.strings */,
			);
			name = "Supporting Files";
			sourceTree = "<group>";
		};
		34E0F6DC199A9C99005A1FD0 /* .h */ = {
			isa = PBXGroup;
			children = (
				6DAED63B19A3DD9D00763378 /* CustomActionSheet.h */,
				34E0F6D7199A9C8F005A1FD0 /* MELViewControllerMenu.h */,
				34E0F6EA199A9FF1005A1FD0 /* MELViewControllerCategoria.h */,
				34E0F6F8199AA4C2005A1FD0 /* MELViewControllerViloes.h */,
				34E0F6FD199AA4E3005A1FD0 /* MELViewControllerHerois.h */,
				34130DCE199D2A780059276B /* MELViewControllerPerfil.h */,
			);
			name = .h;
			sourceTree = "<group>";
		};
		34E0F6DD199A9CAE005A1FD0 /* .m */ = {
			isa = PBXGroup;
			children = (
				34E0F6D8199A9C8F005A1FD0 /* MELViewControllerMenu.m */,
				6DAED63C19A3DD9D00763378 /* CustomActionSheet.m */,
				34E0F6EB199A9FF1005A1FD0 /* MELViewControllerCategoria.m */,
				34E0F6F9199AA4C2005A1FD0 /* MELViewControllerViloes.m */,
				34E0F6FE199AA4E3005A1FD0 /* MELViewControllerHerois.m */,
				34130DCF199D2A780059276B /* MELViewControllerPerfil.m */,
			);
			name = .m;
			sourceTree = "<group>";
		};
		34E0F6DE199A9CB5005A1FD0 /* xib */ = {
			isa = PBXGroup;
			children = (
				34E0F6D9199A9C8F005A1FD0 /* MELViewControllerMenu.xib */,
				34E0F6EC199A9FF1005A1FD0 /* MELViewControllerCategoria.xib */,
				34E0F6FA199AA4C2005A1FD0 /* MELViewControllerViloes.xib */,
				34E0F6FF199AA4E3005A1FD0 /* MELViewControllerHerois.xib */,
				34130DD0199D2A780059276B /* MELViewControllerPerfil.xib */,
			);
			name = xib;
			sourceTree = "<group>";
		};
		34E0F6DF199A9CE4005A1FD0 /* imagens */ = {
			isa = PBXGroup;
			children = (
				A9C9102319E863CC008AC7CE /* LogoVS.png */,
				A9DF2CE119E70F97008BDD46 /* Pergunta.png */,
				A9DF2CE219E70F97008BDD46 /* Score.png */,
				A9DF2CE319E70F97008BDD46 /* Tempo.png */,
				A9DF2CE419E70F97008BDD46 /* Vida.png */,
				A9DF2CDD19E70E6F008BDD46 /* BotaoHeroi.png */,
				A9DF2CDE19E70E6F008BDD46 /* BotaoVilao.png */,
				A9DF2C7B19E7058C008BDD46 /* BGMenu.png */,
				A9DF2C7C19E7058C008BDD46 /* BGMenu2.png */,
				A9DF2C7D19E7058C008BDD46 /* BGPerguntas.png */,
				A9DF2C7E19E7058C008BDD46 /* Botao.png */,
				A9DF2C8119E7058C008BDD46 /* BotaoJogar.png */,
				A9DF2C8219E7058C008BDD46 /* BotaoPerfil.png */,
				A9DF2C8419E7058C008BDD46 /* Escolhaseulado.png */,
				6DE5E81919AD244100F5F9A0 /* Game-Center2.png */,
				6DE5E81719AD243200F5F9A0 /* GC Saturado.png */,
			);
			name = imagens;
			sourceTree = "<group>";
		};
		34E0F6F7199AA3F0005A1FD0 /* Perguntas */ = {
			isa = PBXGroup;
			children = (
				6DDA412819E46F00007B2BF1 /* heroi.m4a */,
				6DDA412619E46D85007B2BF1 /* music.m4a */,
				6DDA412A19E46F19007B2BF1 /* categoria.m4a */,
				6DDA412C19E46F36007B2BF1 /* vilao.m4a */,
				34E0F6F3199AA3E9005A1FD0 /* herois.plist */,
				34E0F6F4199AA3E9005A1FD0 /* viloes.plist */,
			);
			name = Perguntas;
			sourceTree = "<group>";
		};
		A95ADE9E19ABAD7A00513C42 /* CorePlot */ = {
			isa = PBXGroup;
			children = (
				A9D9513119AE59EA00B28EA3 /* Source */,
				A9D94FD019AE577700B28EA3 /* CorePlot-CocoaTouch.h */,
				A9D94E7419AE565100B28EA3 /* libCorePlot-CocoaTouch.a */,
				A9D94E6219AE533600B28EA3 /* iPhoneOnly */,
			);
			name = CorePlot;
			sourceTree = "<group>";
		};
		A9D94E6219AE533600B28EA3 /* iPhoneOnly */ = {
			isa = PBXGroup;
			children = (
				A9D94E6319AE533600B28EA3 /* CPTGraphHostingView.h */,
				A9D94E6619AE533600B28EA3 /* CPTPlatformSpecificCategories.h */,
				A9D94E6819AE533600B28EA3 /* CPTPlatformSpecificDefines.h */,
				A9D94E6A19AE533600B28EA3 /* CPTPlatformSpecificFunctions.h */,
				A9D94E6C19AE533600B28EA3 /* CPTTextStylePlatformSpecific.h */,
			);
			path = iPhoneOnly;
			sourceTree = "<group>";
		};
		A9D9513119AE59EA00B28EA3 /* Source */ = {
			isa = PBXGroup;
			children = (
				A9D9513219AE59EA00B28EA3 /* _CPTAnimationCGFloatPeriod.h */,
				A9D9513419AE59EA00B28EA3 /* _CPTAnimationCGPointPeriod.h */,
				A9D9513619AE59EA00B28EA3 /* _CPTAnimationCGRectPeriod.h */,
				A9D9513819AE59EA00B28EA3 /* _CPTAnimationCGSizePeriod.h */,
				A9D9513A19AE59EA00B28EA3 /* _CPTAnimationNSDecimalPeriod.h */,
				A9D9513C19AE59EA00B28EA3 /* _CPTAnimationPlotRangePeriod.h */,
				A9D9513E19AE59EA00B28EA3 /* _CPTAnimationTimingFunctions.h */,
				A9D9514019AE59EA00B28EA3 /* _CPTBorderLayer.h */,
				A9D9514219AE59EA00B28EA3 /* _CPTConstraintsFixed.h */,
				A9D9514419AE59EA00B28EA3 /* _CPTConstraintsRelative.h */,
				A9D9514619AE59EA00B28EA3 /* _CPTDarkGradientTheme.h */,
				A9D9514819AE59EA00B28EA3 /* _CPTFillColor.h */,
				A9D9514A19AE59EA00B28EA3 /* _CPTFillGradient.h */,
				A9D9514C19AE59EA00B28EA3 /* _CPTFillImage.h */,
				A9D9514E19AE59EA00B28EA3 /* _CPTMaskLayer.h */,
				A9D9515019AE59EA00B28EA3 /* _CPTPlainBlackTheme.h */,
				A9D9515219AE59EA00B28EA3 /* _CPTPlainWhiteTheme.h */,
				A9D9515419AE59EA00B28EA3 /* _CPTSlateTheme.h */,
				A9D9515619AE59EA00B28EA3 /* _CPTStocksTheme.h */,
				A9D9515819AE59EA00B28EA3 /* _CPTXYTheme.h */,
				A9D9515A19AE59EA00B28EA3 /* CPTAnimation.h */,
				A9D9515C19AE59EA00B28EA3 /* CPTAnimationOperation.h */,
				A9D9515E19AE59EA00B28EA3 /* CPTAnimationPeriod.h */,
				A9D9516019AE59EA00B28EA3 /* CPTAnnotation.h */,
				A9D9516219AE59EA00B28EA3 /* CPTAnnotationHostLayer.h */,
				A9D9516419AE59EA00B28EA3 /* CPTAxis.h */,
				A9D9516619AE59EA00B28EA3 /* CPTAxisLabel.h */,
				A9D9516819AE59EA00B28EA3 /* CPTAxisLabelGroup.h */,
				A9D9516A19AE59EA00B28EA3 /* CPTAxisLabelTests.h */,
				A9D9516C19AE59EA00B28EA3 /* CPTAxisSet.h */,
				A9D9516E19AE59EA00B28EA3 /* CPTAxisTitle.h */,
				A9D9517019AE59EA00B28EA3 /* CPTBarPlot.h */,
				A9D9517219AE59EA00B28EA3 /* CPTBorderedLayer.h */,
				A9D9517419AE59EA00B28EA3 /* CPTCalendarFormatter.h */,
				A9D9517619AE59EA00B28EA3 /* CPTColor.h */,
				A9D9517819AE59EA00B28EA3 /* CPTColorSpace.h */,
				A9D9517A19AE59EA00B28EA3 /* CPTColorSpaceTests.h */,
				A9D9517C19AE59EA00B28EA3 /* CPTColorTests.h */,
				A9D9517E19AE59EA00B28EA3 /* CPTConstraints.h */,
				A9D9518019AE59EA00B28EA3 /* CPTDarkGradientThemeTests.h */,
				A9D9518219AE59EA00B28EA3 /* CPTDataSourceTestCase.h */,
				A9D9518419AE59EA00B28EA3 /* CPTDefinitions.h */,
				A9D9518619AE59EA00B28EA3 /* CPTDerivedXYGraph.h */,
				A9D9518819AE59EA00B28EA3 /* CPTExceptions.h */,
				A9D9518A19AE59EA00B28EA3 /* CPTFill.h */,
				A9D9518C19AE59EA00B28EA3 /* CPTFillTests.h */,
				A9D9518E19AE59EA00B28EA3 /* CPTFunctionDataSource.h */,
				A9D9519019AE59EA00B28EA3 /* CPTGradient.h */,
				A9D9519219AE59EA00B28EA3 /* CPTGradientTests.h */,
				A9D9519419AE59EA00B28EA3 /* CPTGraph.h */,
				A9D9519619AE59EA00B28EA3 /* CPTGridLineGroup.h */,
				A9D9519819AE59EA00B28EA3 /* CPTGridLines.h */,
				A9D9519A19AE59EA00B28EA3 /* CPTImage.h */,
				A9D9519C19AE59EA00B28EA3 /* CPTImageTests.h */,
				A9D9519E19AE59EB00B28EA3 /* CPTLayer.h */,
				A9D951A019AE59EB00B28EA3 /* CPTLayerAnnotation.h */,
				A9D951A219AE59EB00B28EA3 /* CPTLayerTests.h */,
				A9D951A419AE59EB00B28EA3 /* CPTLegend.h */,
				A9D951A619AE59EB00B28EA3 /* CPTLegendEntry.h */,
				A9D951A819AE59EB00B28EA3 /* CPTLimitBand.h */,
				A9D951AA19AE59EB00B28EA3 /* CPTLineCap.h */,
				A9D951AC19AE59EB00B28EA3 /* CPTLineStyle.h */,
				A9D951AE19AE59EB00B28EA3 /* CPTLineStyleTests.h */,
				A9D951B019AE59EB00B28EA3 /* CPTMutableLineStyle.h */,
				A9D951B219AE59EB00B28EA3 /* CPTMutableNumericData+TypeConversion.h */,
				A9D951B419AE59EB00B28EA3 /* CPTMutableNumericData.h */,
				A9D951B619AE59EB00B28EA3 /* CPTMutableNumericDataTests.h */,
				A9D951B819AE59EB00B28EA3 /* CPTMutableNumericDataTypeConversionTests.h */,
				A9D951BA19AE59EB00B28EA3 /* CPTMutablePlotRange.h */,
				A9D951BC19AE59EB00B28EA3 /* CPTMutableShadow.h */,
				A9D951BE19AE59EB00B28EA3 /* CPTMutableTextStyle.h */,
				A9D951C019AE59EB00B28EA3 /* CPTNumericData+TypeConversion.h */,
				A9D951C319AE59EB00B28EA3 /* CPTNumericData.h */,
				A9D951C519AE59EB00B28EA3 /* CPTNumericDataTests.h */,
				A9D951C719AE59EB00B28EA3 /* CPTNumericDataType.h */,
				A9D951C919AE59EB00B28EA3 /* CPTNumericDataTypeConversionPerformanceTests.h */,
				A9D951CB19AE59EB00B28EA3 /* CPTNumericDataTypeConversionTests.h */,
				A9D951CD19AE59EB00B28EA3 /* CPTPathExtensions.h */,
				A9D951CF19AE59EB00B28EA3 /* CPTPieChart.h */,
				A9D951D119AE59EB00B28EA3 /* CPTPlot.h */,
				A9D951D319AE59EB00B28EA3 /* CPTPlotArea.h */,
				A9D951D519AE59EB00B28EA3 /* CPTPlotAreaFrame.h */,
				A9D951D719AE59EB00B28EA3 /* CPTPlotGroup.h */,
				A9D951D919AE59EB00B28EA3 /* CPTPlotRange.h */,
				A9D951DB19AE59EB00B28EA3 /* CPTPlotRangeTests.h */,
				A9D951DD19AE59EB00B28EA3 /* CPTPlotSpace.h */,
				A9D951DF19AE59EB00B28EA3 /* CPTPlotSpaceAnnotation.h */,
				A9D951E119AE59EB00B28EA3 /* CPTPlotSpaceTests.h */,
				A9D951E319AE59EB00B28EA3 /* CPTPlotSymbol.h */,
				A9D951E519AE59EB00B28EA3 /* CPTRangePlot.h */,
				A9D951E719AE59EB00B28EA3 /* CPTResponder.h */,
				A9D951E819AE59EB00B28EA3 /* CPTScatterPlot.h */,
				A9D951EA19AE59EB00B28EA3 /* CPTScatterPlotTests.h */,
				A9D951EC19AE59EB00B28EA3 /* CPTShadow.h */,
				A9D951EE19AE59EB00B28EA3 /* CPTTestCase.h */,
				A9D951F019AE59EB00B28EA3 /* CPTTextLayer.h */,
				A9D951F219AE59EB00B28EA3 /* CPTTextStyle.h */,
				A9D951F419AE59EB00B28EA3 /* CPTTextStyleTests.h */,
				A9D951F619AE59EB00B28EA3 /* CPTTheme.h */,
				A9D951F819AE59EB00B28EA3 /* CPTThemeTests.h */,
				A9D951FA19AE59EB00B28EA3 /* CPTTimeFormatter.h */,
				A9D951FC19AE59EB00B28EA3 /* CPTTimeFormatterTests.h */,
				A9D951FE19AE59EB00B28EA3 /* CPTTradingRangePlot.h */,
				A9D9520019AE59EB00B28EA3 /* CPTUtilities.h */,
				A9D9520219AE59EB00B28EA3 /* CPTUtilitiesTests.h */,
				A9D9520419AE59EB00B28EA3 /* CPTXYAxis.h */,
				A9D9520619AE59EB00B28EA3 /* CPTXYAxisSet.h */,
				A9D9520819AE59EB00B28EA3 /* CPTXYGraph.h */,
				A9D9520A19AE59EB00B28EA3 /* CPTXYPlotSpace.h */,
				A9D9520C19AE59EB00B28EA3 /* CPTXYPlotSpaceTests.h */,
				A9D9520F19AE59EB00B28EA3 /* mainpage.h */,
				A9D9521019AE59EB00B28EA3 /* NSCoderExtensions.h */,
				A9D9521219AE59EB00B28EA3 /* NSDecimalNumberExtensions.h */,
				A9D9521419AE59EB00B28EA3 /* NSNumberExtensions.h */,
				A9D951C219AE59EB00B28EA3 /* CPTNumericData+TypeConversions_Generation.py */,
				A9D9520E19AE59EB00B28EA3 /* license.txt */,
			);
			path = Source;
			sourceTree = "<group>";
		};
/* End PBXGroup section */

/* Begin PBXNativeTarget section */
		34E0F6A4199A9C5D005A1FD0 /* Versus? */ = {
			isa = PBXNativeTarget;
			buildConfigurationList = 34E0F6D1199A9C5D005A1FD0 /* Build configuration list for PBXNativeTarget "Versus?" */;
			buildPhases = (
				34E0F6A1199A9C5D005A1FD0 /* Sources */,
				34E0F6A2199A9C5D005A1FD0 /* Frameworks */,
				34E0F6A3199A9C5D005A1FD0 /* Resources */,
			);
			buildRules = (
			);
			dependencies = (
			);
			name = "Versus?";
			productName = "Versus?";
			productReference = 34E0F6A5199A9C5D005A1FD0 /* Versus?.app */;
			productType = "com.apple.product-type.application";
		};
		34E0F6BF199A9C5D005A1FD0 /* Versus?Tests */ = {
			isa = PBXNativeTarget;
			buildConfigurationList = 34E0F6D4199A9C5D005A1FD0 /* Build configuration list for PBXNativeTarget "Versus?Tests" */;
			buildPhases = (
				34E0F6BC199A9C5D005A1FD0 /* Sources */,
				34E0F6BD199A9C5D005A1FD0 /* Frameworks */,
				34E0F6BE199A9C5D005A1FD0 /* Resources */,
			);
			buildRules = (
			);
			dependencies = (
				34E0F6C6199A9C5D005A1FD0 /* PBXTargetDependency */,
			);
			name = "Versus?Tests";
			productName = "Versus?Tests";
			productReference = 34E0F6C0199A9C5D005A1FD0 /* Versus?Tests.xctest */;
			productType = "com.apple.product-type.bundle.unit-test";
		};
/* End PBXNativeTarget section */

/* Begin PBXProject section */
		34E0F69D199A9C5D005A1FD0 /* Project object */ = {
			isa = PBXProject;
			attributes = {
				CLASSPREFIX = MEL;
				LastUpgradeCheck = 0510;
				ORGANIZATIONNAME = "Eduardo Alves";
				TargetAttributes = {
					34E0F6A4199A9C5D005A1FD0 = {
						DevelopmentTeam = A6AD9VPY62;
						SystemCapabilities = {
							com.apple.GameCenter = {
								enabled = 1;
							};
						};
					};
					34E0F6BF199A9C5D005A1FD0 = {
						DevelopmentTeam = A6AD9VPY62;
						TestTargetID = 34E0F6A4199A9C5D005A1FD0;
					};
				};
			};
			buildConfigurationList = 34E0F6A0199A9C5D005A1FD0 /* Build configuration list for PBXProject "Versus?" */;
			compatibilityVersion = "Xcode 3.2";
			developmentRegion = English;
			hasScannedForEncodings = 0;
			knownRegions = (
				en,
			);
			mainGroup = 34E0F69C199A9C5D005A1FD0;
			productRefGroup = 34E0F6A6199A9C5D005A1FD0 /* Products */;
			projectDirPath = "";
			projectRoot = "";
			targets = (
				34E0F6A4199A9C5D005A1FD0 /* Versus? */,
				34E0F6BF199A9C5D005A1FD0 /* Versus?Tests */,
			);
		};
/* End PBXProject section */

/* Begin PBXResourcesBuildPhase section */
		34E0F6A3199A9C5D005A1FD0 /* Resources */ = {
			isa = PBXResourcesBuildPhase;
			buildActionMask = 2147483647;
			files = (
				34130DD2199D2A780059276B /* MELViewControllerPerfil.xib in Resources */,
				A9DF2C8B19E7058C008BDD46 /* BotaoJogar.png in Resources */,
				A9DF2CE619E70F97008BDD46 /* Score.png in Resources */,
				34E0F6F5199AA3E9005A1FD0 /* herois.plist in Resources */,
				6DDA412719E46D85007B2BF1 /* music.m4a in Resources */,
				34E0F701199AA4E3005A1FD0 /* MELViewControllerHerois.xib in Resources */,
				A9D9525E19AE59EB00B28EA3 /* CPTNumericData+TypeConversions_Generation.py in Resources */,
				34E0F6FC199AA4C2005A1FD0 /* MELViewControllerViloes.xib in Resources */,
				A9DF2C8619E7058C008BDD46 /* BGMenu2.png in Resources */,
				6DDA412B19E46F19007B2BF1 /* categoria.m4a in Resources */,
				34ABFE11199D4CF200E29175 /* MELViewControllerMenuiPad.xib in Resources */,
				A9C9102419E863CC008AC7CE /* LogoVS.png in Resources */,
				6DDA412D19E46F36007B2BF1 /* vilao.m4a in Resources */,
				34E0F6EE199A9FF1005A1FD0 /* MELViewControllerCategoria.xib in Resources */,
				34E0F6DB199A9C8F005A1FD0 /* MELViewControllerMenu.xib in Resources */,
				A9DF2C8C19E7058C008BDD46 /* BotaoPerfil.png in Resources */,
				A9DF2C8E19E7058C008BDD46 /* Escolhaseulado.png in Resources */,
				34ABFE1B199D4FD400E29175 /* MELViewControllerViloesiPad.xib in Resources */,
				A9DF2CE019E70E6F008BDD46 /* BotaoVilao.png in Resources */,
				A9DF2C8819E7058C008BDD46 /* Botao.png in Resources */,
				34ABFE16199D4FB600E29175 /* MELViewControllerCategoriaiPad.xib in Resources */,
				A9DF2C8519E7058C008BDD46 /* BGMenu.png in Resources */,
				6DE5E81819AD243200F5F9A0 /* GC Saturado.png in Resources */,
				A9DF2CDF19E70E6F008BDD46 /* BotaoHeroi.png in Resources */,
				34ABFE20199D4FF200E29175 /* MELViewControllerHeroisiPad.xib in Resources */,
				A9DF2CE519E70F97008BDD46 /* Pergunta.png in Resources */,
				A9DF2CE719E70F97008BDD46 /* Tempo.png in Resources */,
				A9DF2CE819E70F97008BDD46 /* Vida.png in Resources */,
				6DE5E81A19AD244100F5F9A0 /* Game-Center2.png in Resources */,
				A9D9528419AE59EB00B28EA3 /* license.txt in Resources */,
				A9CE718019F8286F00DBDA69 /* musicaVersus.m4a in Resources */,
				A9DF2C8719E7058C008BDD46 /* BGPerguntas.png in Resources */,
				34E0F6F6199AA3E9005A1FD0 /* viloes.plist in Resources */,
				6DDA412919E46F00007B2BF1 /* heroi.m4a in Resources */,
				34E0F6B3199A9C5D005A1FD0 /* InfoPlist.strings in Resources */,
				34E0F6BB199A9C5D005A1FD0 /* Images.xcassets in Resources */,
				34ABFE25199D501100E29175 /* MELViewControllerPerfiliPad.xib in Resources */,
			);
			runOnlyForDeploymentPostprocessing = 0;
		};
		34E0F6BE199A9C5D005A1FD0 /* Resources */ = {
			isa = PBXResourcesBuildPhase;
			buildActionMask = 2147483647;
			files = (
				34E0F6CC199A9C5D005A1FD0 /* InfoPlist.strings in Resources */,
			);
			runOnlyForDeploymentPostprocessing = 0;
		};
/* End PBXResourcesBuildPhase section */

/* Begin PBXSourcesBuildPhase section */
		34E0F6A1199A9C5D005A1FD0 /* Sources */ = {
			isa = PBXSourcesBuildPhase;
			buildActionMask = 2147483647;
			files = (
				34E0F6FB199AA4C2005A1FD0 /* MELViewControllerViloes.m in Sources */,
				34ABFE24199D501100E29175 /* MELViewControllerPerfiliPad.m in Sources */,
				34130DD1199D2A780059276B /* MELViewControllerPerfil.m in Sources */,
				34E0F6B5199A9C5D005A1FD0 /* main.m in Sources */,
				34ABFE1A199D4FD400E29175 /* MELViewControllerViloesiPad.m in Sources */,
				34E0F6DA199A9C8F005A1FD0 /* MELViewControllerMenu.m in Sources */,
				34E0F700199AA4E3005A1FD0 /* MELViewControllerHerois.m in Sources */,
				34ABFE15199D4FB600E29175 /* MELViewControllerCategoriaiPad.m in Sources */,
				34E0F6B9199A9C5D005A1FD0 /* MELAppDelegate.m in Sources */,
				34ABFE1F199D4FF200E29175 /* MELViewControllerHeroisiPad.m in Sources */,
				6DAED63D19A3DD9D00763378 /* CustomActionSheet.m in Sources */,
				34ABFE10199D4CF200E29175 /* MELViewControllerMenuiPad.m in Sources */,
				34E0F6ED199A9FF1005A1FD0 /* MELViewControllerCategoria.m in Sources */,
			);
			runOnlyForDeploymentPostprocessing = 0;
		};
		34E0F6BC199A9C5D005A1FD0 /* Sources */ = {
			isa = PBXSourcesBuildPhase;
			buildActionMask = 2147483647;
			files = (
				34E0F6CE199A9C5D005A1FD0 /* Versus_Tests.m in Sources */,
			);
			runOnlyForDeploymentPostprocessing = 0;
		};
/* End PBXSourcesBuildPhase section */

/* Begin PBXTargetDependency section */
		34E0F6C6199A9C5D005A1FD0 /* PBXTargetDependency */ = {
			isa = PBXTargetDependency;
			target = 34E0F6A4199A9C5D005A1FD0 /* Versus? */;
			targetProxy = 34E0F6C5199A9C5D005A1FD0 /* PBXContainerItemProxy */;
		};
/* End PBXTargetDependency section */

/* Begin PBXVariantGroup section */
		34E0F6B1199A9C5D005A1FD0 /* InfoPlist.strings */ = {
			isa = PBXVariantGroup;
			children = (
				34E0F6B2199A9C5D005A1FD0 /* en */,
			);
			name = InfoPlist.strings;
			sourceTree = "<group>";
		};
		34E0F6CA199A9C5D005A1FD0 /* InfoPlist.strings */ = {
			isa = PBXVariantGroup;
			children = (
				34E0F6CB199A9C5D005A1FD0 /* en */,
			);
			name = InfoPlist.strings;
			sourceTree = "<group>";
		};
/* End PBXVariantGroup section */

/* Begin XCBuildConfiguration section */
		34E0F6CF199A9C5D005A1FD0 /* Debug */ = {
			isa = XCBuildConfiguration;
			buildSettings = {
				ALWAYS_SEARCH_USER_PATHS = NO;
				CLANG_CXX_LANGUAGE_STANDARD = "gnu++0x";
				CLANG_CXX_LIBRARY = "libc++";
				CLANG_ENABLE_MODULES = YES;
				CLANG_ENABLE_OBJC_ARC = YES;
				CLANG_WARN_BOOL_CONVERSION = YES;
				CLANG_WARN_CONSTANT_CONVERSION = YES;
				CLANG_WARN_DIRECT_OBJC_ISA_USAGE = YES_ERROR;
				CLANG_WARN_EMPTY_BODY = YES;
				CLANG_WARN_ENUM_CONVERSION = YES;
				CLANG_WARN_INT_CONVERSION = YES;
				CLANG_WARN_OBJC_ROOT_CLASS = YES_ERROR;
				CLANG_WARN__DUPLICATE_METHOD_MATCH = YES;
				"CODE_SIGN_IDENTITY[sdk=iphoneos*]" = "iPhone Developer";
				COPY_PHASE_STRIP = NO;
				GCC_C_LANGUAGE_STANDARD = gnu99;
				GCC_DYNAMIC_NO_PIC = NO;
				GCC_OPTIMIZATION_LEVEL = 0;
				GCC_PREPROCESSOR_DEFINITIONS = (
					"DEBUG=1",
					"$(inherited)",
				);
				GCC_SYMBOLS_PRIVATE_EXTERN = NO;
				GCC_WARN_64_TO_32_BIT_CONVERSION = YES;
				GCC_WARN_ABOUT_RETURN_TYPE = YES_ERROR;
				GCC_WARN_UNDECLARED_SELECTOR = YES;
				GCC_WARN_UNINITIALIZED_AUTOS = YES_AGGRESSIVE;
				GCC_WARN_UNUSED_FUNCTION = YES;
				GCC_WARN_UNUSED_VARIABLE = YES;
				IPHONEOS_DEPLOYMENT_TARGET = 7.1;
				ONLY_ACTIVE_ARCH = YES;
				SDKROOT = iphoneos;
				TARGETED_DEVICE_FAMILY = "1,2";
			};
			name = Debug;
		};
		34E0F6D0199A9C5D005A1FD0 /* Release */ = {
			isa = XCBuildConfiguration;
			buildSettings = {
				ALWAYS_SEARCH_USER_PATHS = NO;
				CLANG_CXX_LANGUAGE_STANDARD = "gnu++0x";
				CLANG_CXX_LIBRARY = "libc++";
				CLANG_ENABLE_MODULES = YES;
				CLANG_ENABLE_OBJC_ARC = YES;
				CLANG_WARN_BOOL_CONVERSION = YES;
				CLANG_WARN_CONSTANT_CONVERSION = YES;
				CLANG_WARN_DIRECT_OBJC_ISA_USAGE = YES_ERROR;
				CLANG_WARN_EMPTY_BODY = YES;
				CLANG_WARN_ENUM_CONVERSION = YES;
				CLANG_WARN_INT_CONVERSION = YES;
				CLANG_WARN_OBJC_ROOT_CLASS = YES_ERROR;
				CLANG_WARN__DUPLICATE_METHOD_MATCH = YES;
				"CODE_SIGN_IDENTITY[sdk=iphoneos*]" = "iPhone Developer";
				COPY_PHASE_STRIP = YES;
				ENABLE_NS_ASSERTIONS = NO;
				GCC_C_LANGUAGE_STANDARD = gnu99;
				GCC_WARN_64_TO_32_BIT_CONVERSION = YES;
				GCC_WARN_ABOUT_RETURN_TYPE = YES_ERROR;
				GCC_WARN_UNDECLARED_SELECTOR = YES;
				GCC_WARN_UNINITIALIZED_AUTOS = YES_AGGRESSIVE;
				GCC_WARN_UNUSED_FUNCTION = YES;
				GCC_WARN_UNUSED_VARIABLE = YES;
				IPHONEOS_DEPLOYMENT_TARGET = 7.1;
				SDKROOT = iphoneos;
				TARGETED_DEVICE_FAMILY = "1,2";
				VALIDATE_PRODUCT = YES;
			};
			name = Release;
		};
		34E0F6D2199A9C5D005A1FD0 /* Debug */ = {
			isa = XCBuildConfiguration;
			buildSettings = {
				ASSETCATALOG_COMPILER_APPICON_NAME = AppIcon;
				ASSETCATALOG_COMPILER_LAUNCHIMAGE_NAME = LaunchImage;
				CODE_SIGN_IDENTITY = "iPhone Developer";
				"CODE_SIGN_IDENTITY[sdk=iphoneos*]" = "iPhone Developer";
				GCC_PRECOMPILE_PREFIX_HEADER = YES;
				GCC_PREFIX_HEADER = "Versus?/Versus?-Prefix.pch";
				INFOPLIST_FILE = "Versus?/Versus?-Info.plist";
				LIBRARY_SEARCH_PATHS = (
					"$(inherited)",
					"$(PROJECT_DIR)",
				);
				ONLY_ACTIVE_ARCH = NO;
				OTHER_LDFLAGS = (
					"-ObjC",
					"-all_load",
				);
				PRODUCT_NAME = "$(TARGET_NAME)";
				PROVISIONING_PROFILE = "d549be79-5614-4133-a72a-63fdb1340e93";
				WRAPPER_EXTENSION = app;
			};
			name = Debug;
		};
		34E0F6D3199A9C5D005A1FD0 /* Release */ = {
			isa = XCBuildConfiguration;
			buildSettings = {
				ASSETCATALOG_COMPILER_APPICON_NAME = AppIcon;
				ASSETCATALOG_COMPILER_LAUNCHIMAGE_NAME = LaunchImage;
				CODE_SIGN_IDENTITY = "iPhone Developer";
				"CODE_SIGN_IDENTITY[sdk=iphoneos*]" = "iPhone Developer";
				GCC_PRECOMPILE_PREFIX_HEADER = YES;
				GCC_PREFIX_HEADER = "Versus?/Versus?-Prefix.pch";
				INFOPLIST_FILE = "Versus?/Versus?-Info.plist";
				LIBRARY_SEARCH_PATHS = (
					"$(inherited)",
					"$(PROJECT_DIR)",
				);
				ONLY_ACTIVE_ARCH = YES;
				OTHER_LDFLAGS = (
					"-ObjC",
					"-all_load",
				);
				PRODUCT_NAME = "$(TARGET_NAME)";
				PROVISIONING_PROFILE = "d549be79-5614-4133-a72a-63fdb1340e93";
				WRAPPER_EXTENSION = app;
			};
			name = Release;
		};
		34E0F6D5199A9C5D005A1FD0 /* Debug */ = {
			isa = XCBuildConfiguration;
			buildSettings = {
				BUNDLE_LOADER = "$(BUILT_PRODUCTS_DIR)/Versus?.app/Versus?";
				FRAMEWORK_SEARCH_PATHS = (
					"$(SDKROOT)/Developer/Library/Frameworks",
					"$(inherited)",
					"$(DEVELOPER_FRAMEWORKS_DIR)",
				);
				GCC_PRECOMPILE_PREFIX_HEADER = YES;
				GCC_PREFIX_HEADER = "Versus?/Versus?-Prefix.pch";
				GCC_PREPROCESSOR_DEFINITIONS = (
					"DEBUG=1",
					"$(inherited)",
				);
				INFOPLIST_FILE = "Versus?Tests/Versus?Tests-Info.plist";
				PRODUCT_NAME = "$(TARGET_NAME)";
				TEST_HOST = "$(BUNDLE_LOADER)";
				WRAPPER_EXTENSION = xctest;
			};
			name = Debug;
		};
		34E0F6D6199A9C5D005A1FD0 /* Release */ = {
			isa = XCBuildConfiguration;
			buildSettings = {
				BUNDLE_LOADER = "$(BUILT_PRODUCTS_DIR)/Versus?.app/Versus?";
				FRAMEWORK_SEARCH_PATHS = (
					"$(SDKROOT)/Developer/Library/Frameworks",
					"$(inherited)",
					"$(DEVELOPER_FRAMEWORKS_DIR)",
				);
				GCC_PRECOMPILE_PREFIX_HEADER = YES;
				GCC_PREFIX_HEADER = "Versus?/Versus?-Prefix.pch";
				INFOPLIST_FILE = "Versus?Tests/Versus?Tests-Info.plist";
				PRODUCT_NAME = "$(TARGET_NAME)";
				TEST_HOST = "$(BUNDLE_LOADER)";
				WRAPPER_EXTENSION = xctest;
			};
			name = Release;
		};
/* End XCBuildConfiguration section */

/* Begin XCConfigurationList section */
		34E0F6A0199A9C5D005A1FD0 /* Build configuration list for PBXProject "Versus?" */ = {
			isa = XCConfigurationList;
			buildConfigurations = (
				34E0F6CF199A9C5D005A1FD0 /* Debug */,
				34E0F6D0199A9C5D005A1FD0 /* Release */,
			);
			defaultConfigurationIsVisible = 0;
			defaultConfigurationName = Release;
		};
		34E0F6D1199A9C5D005A1FD0 /* Build configuration list for PBXNativeTarget "Versus?" */ = {
			isa = XCConfigurationList;
			buildConfigurations = (
				34E0F6D2199A9C5D005A1FD0 /* Debug */,
				34E0F6D3199A9C5D005A1FD0 /* Release */,
			);
			defaultConfigurationIsVisible = 0;
			defaultConfigurationName = Release;
		};
		34E0F6D4199A9C5D005A1FD0 /* Build configuration list for PBXNativeTarget "Versus?Tests" */ = {
			isa = XCConfigurationList;
			buildConfigurations = (
				34E0F6D5199A9C5D005A1FD0 /* Debug */,
				34E0F6D6199A9C5D005A1FD0 /* Release */,
			);
			defaultConfigurationIsVisible = 0;
			defaultConfigurationName = Release;
		};
/* End XCConfigurationList section */
	};
	rootObject = 34E0F69D199A9C5D005A1FD0 /* Project object */;
}
